version = 1
revision = 3
requires-python = ">=3.14"

[[package]]
name = "click"
version = "8.3.1"
source = { registry = "https://pypi.org/simple" }
dependencies = [
    { name = "colorama", marker = "sys_platform == 'win32'" },
]
sdist = { url = "https://files.pythonhosted.org/packages/3d/fa/656b739db8587d7b5dfa22e22ed02566950fbfbcdc20311993483657a5c0/click-8.3.1.tar.gz", hash = "sha256:12ff4785d337a1bb490bb7e9c2b1ee5da3112e94a8622f26a6c77f5d2fc6842a", size = 295065, upload-time = "2025-11-15T20:45:42.706Z" }
wheels = [
    { url = "https://files.pythonhosted.org/packages/98/78/01c019cdb5d6498122777c1a43056ebb3ebfeef2076d9d026bfe15583b2b/click-8.3.1-py3-none-any.whl", hash = "sha256:981153a64e25f12d547d3426c367a4857371575ee7ad18df2a6183ab0545b2a6", size = 108274, upload-time = "2025-11-15T20:45:41.139Z" },
]

[[package]]
name = "codespell"
version = "2.4.2"
source = { registry = "https://pypi.org/simple" }
sdist = { url = "https://files.pythonhosted.org/packages/2d/9d/1d0903dff693160f893ca6abcabad545088e7a2ee0a6deae7c24e958be69/codespell-2.4.2.tar.gz", hash = "sha256:3c33be9ae34543807f088aeb4832dfad8cb2dae38da61cac0a7045dd376cfdf3", size = 352058, upload-time = "2026-03-05T18:10:42.936Z" }
wheels = [
    { url = "https://files.pythonhosted.org/packages/42/a1/52fa05533e95fe45bcc09bcf8a503874b1c08f221a4e35608017e0938f55/codespell-2.4.2-py3-none-any.whl", hash = "sha256:97e0c1060cf46bd1d5db89a936c98db8c2b804e1fdd4b5c645e82a1ec6b1f886", size = 353715, upload-time = "2026-03-05T18:10:41.398Z" },
]

[[package]]
name = "colorama"
version = "0.4.6"
source = { registry = "https://pypi.org/simple" }
sdist = { url = "https://files.pythonhosted.org/packages/d8/53/6f443c9a4a8358a93a6792e2acffb9d9d5cb0a5cfd8802644b7b1c9a02e4/colorama-0.4.6.tar.gz", hash = "sha256:08695f5cb7ed6e0531a20572697297273c47b8cae5a63ffc6d6ed5c201be6e44", size = 27697, upload-time = "2022-10-25T02:36:22.414Z" }
wheels = [
    { url = "https://files.pythonhosted.org/packages/d1/d6/3965ed04c63042e047cb6a3e6ed1a63a35087b6a609aa3a15ed8ac56c221/colorama-0.4.6-py2.py3-none-any.whl", hash = "sha256:4f1d9991f5acc0ca119f9d443620b77f9d6b33703e51011c16baf57afb285fc6", size = 25335, upload-time = "2022-10-25T02:36:20.889Z" },
]

[[package]]
name = "cssbeautifier"
version = "1.15.4"
source = { registry = "https://pypi.org/simple" }
dependencies = [
    { name = "editorconfig" },
    { name = "jsbeautifier" },
    { name = "six" },
]
sdist = { url = "https://files.pythonhosted.org/packages/f7/01/fdf41c1e5f93d359681976ba10410a04b299d248e28ecce1d4e88588dde4/cssbeautifier-1.15.4.tar.gz", hash = "sha256:9bb08dc3f64c101a01677f128acf01905914cf406baf87434dcde05b74c0acf5", size = 25376, upload-time = "2025-02-27T17:53:51.341Z" }
wheels = [
    { url = "https://files.pythonhosted.org/packages/63/51/ef6c5628e46092f0a54c7cee69acc827adc6b6aab57b55d344fefbdf28f1/cssbeautifier-1.15.4-py3-none-any.whl", hash = "sha256:78c84d5e5378df7d08622bbd0477a1abdbd209680e95480bf22f12d5701efc98", size = 123667, upload-time = "2025-02-27T17:53:43.594Z" },
]

[[package]]
name = "djlint"
version = "1.36.4"
source = { registry = "https://pypi.org/simple" }
dependencies = [
    { name = "click" },
    { name = "colorama" },
    { name = "cssbeautifier" },
    { name = "jsbeautifier" },
    { name = "json5" },
    { name = "pathspec" },
    { name = "pyyaml" },
    { name = "regex" },
    { name = "tqdm" },
]
sdist = { url = "https://files.pythonhosted.org/packages/74/89/ecf5be9f5c59a0c53bcaa29671742c5e269cc7d0e2622e3f65f41df251bf/djlint-1.36.4.tar.gz", hash = "sha256:17254f218b46fe5a714b224c85074c099bcb74e3b2e1f15c2ddc2cf415a408a1", size = 47849, upload-time = "2024-12-24T13:06:36.36Z" }
wheels = [
    { url = "https://files.pythonhosted.org/packages/4b/67/f7aeea9be6fb3bd984487af8d0d80225a0b1e5f6f7126e3332d349fb13fe/djlint-1.36.4-py3-none-any.whl", hash = "sha256:e9699b8ac3057a6ed04fb90835b89bee954ed1959c01541ce4f8f729c938afdd", size = 52290, upload-time = "2024-12-24T13:06:33.76Z" },
]

[[package]]
name = "editorconfig"
version = "0.17.1"
source = { registry = "https://pypi.org/simple" }
sdist = { url = "https://files.pythonhosted.org/packages/88/3a/a61d9a1f319a186b05d14df17daea42fcddea63c213bcd61a929fb3a6796/editorconfig-0.17.1.tar.gz", hash = "sha256:23c08b00e8e08cc3adcddb825251c497478df1dada6aefeb01e626ad37303745", size = 14695, upload-time = "2025-06-09T08:21:37.097Z" }
wheels = [
    { url = "https://files.pythonhosted.org/packages/96/fd/a40c621ff207f3ce8e484aa0fc8ba4eb6e3ecf52e15b42ba764b457a9550/editorconfig-0.17.1-py3-none-any.whl", hash = "sha256:1eda9c2c0db8c16dbd50111b710572a5e6de934e39772de1959d41f64fc17c82", size = 16360, upload-time = "2025-06-09T08:21:35.654Z" },
]

[[package]]
name = "gitdb"
version = "4.0.12"
source = { registry = "https://pypi.org/simple" }
dependencies = [
    { name = "smmap" },
]
sdist = { url = "https://files.pythonhosted.org/packages/72/94/63b0fc47eb32792c7ba1fe1b694daec9a63620db1e313033d18140c2320a/gitdb-4.0.12.tar.gz", hash = "sha256:5ef71f855d191a3326fcfbc0d5da835f26b13fbcba60c32c21091c349ffdb571", size = 394684, upload-time = "2025-01-02T07:20:46.413Z" }
wheels = [
    { url = "https://files.pythonhosted.org/packages/a0/61/5c78b91c3143ed5c14207f463aecfc8f9dbb5092fb2869baf37c273b2705/gitdb-4.0.12-py3-none-any.whl", hash = "sha256:67073e15955400952c6565cc3e707c554a4eea2e428946f7a4c162fab9bd9bcf", size = 62794, upload-time = "2025-01-02T07:20:43.624Z" },
]

[[package]]
name = "gitpython"
version = "3.1.46"
source = { registry = "https://pypi.org/simple" }
dependencies = [
    { name = "gitdb" },
]
sdist = { url = "https://files.pythonhosted.org/packages/df/b5/59d16470a1f0dfe8c793f9ef56fd3826093fc52b3bd96d6b9d6c26c7e27b/gitpython-3.1.46.tar.gz", hash = "sha256:400124c7d0ef4ea03f7310ac2fbf7151e09ff97f2a3288d64a440c584a29c37f", size = 215371, upload-time = "2026-01-01T15:37:32.073Z" }
wheels = [
    { url = "https://files.pythonhosted.org/packages/6a/09/e21df6aef1e1ffc0c816f0522ddc3f6dcded766c3261813131c78a704470/gitpython-3.1.46-py3-none-any.whl", hash = "sha256:79812ed143d9d25b6d176a10bb511de0f9c67b1fa641d82097b0ab90398a2058", size = 208620, upload-time = "2026-01-01T15:37:30.574Z" },
]

[[package]]
name = "jinja2"
version = "3.1.6"
source = { registry = "https://pypi.org/simple" }
dependencies = [
    { name = "markupsafe" },
]
sdist = { url = "https://files.pythonhosted.org/packages/df/bf/f7da0350254c0ed7c72f3e33cef02e048281fec7ecec5f032d4aac52226b/jinja2-3.1.6.tar.gz", hash = "sha256:0137fb05990d35f1275a587e9aee6d56da821fc83491a0fb838183be43f66d6d", size = 245115, upload-time = "2025-03-05T20:05:02.478Z" }
wheels = [
    { url = "https://files.pythonhosted.org/packages/62/a1/3d680cbfd5f4b8f15abc1d571870c5fc3e594bb582bc3b64ea099db13e56/jinja2-3.1.6-py3-none-any.whl", hash = "sha256:85ece4451f492d0c13c5dd7c13a64681a86afae63a5f347908daf103ce6d2f67", size = 134899, upload-time = "2025-03-05T20:05:00.369Z" },
]

[[package]]
name = "jsbeautifier"
version = "1.15.4"
source = { registry = "https://pypi.org/simple" }
dependencies = [
    { name = "editorconfig" },
    { name = "six" },
]
sdist = { url = "https://files.pythonhosted.org/packages/ea/98/d6cadf4d5a1c03b2136837a435682418c29fdeb66be137128544cecc5b7a/jsbeautifier-1.15.4.tar.gz", hash = "sha256:5bb18d9efb9331d825735fbc5360ee8f1aac5e52780042803943aa7f854f7592", size = 75257, upload-time = "2025-02-27T17:53:53.252Z" }
wheels = [
    { url = "https://files.pythonhosted.org/packages/2d/14/1c65fccf8413d5f5c6e8425f84675169654395098000d8bddc4e9d3390e1/jsbeautifier-1.15.4-py3-none-any.whl", hash = "sha256:72f65de312a3f10900d7685557f84cb61a9733c50dcc27271a39f5b0051bf528", size = 94707, upload-time = "2025-02-27T17:53:46.152Z" },
]

[[package]]
name = "json5"
version = "0.14.0"
source = { registry = "https://pypi.org/simple" }
sdist = { url = "https://files.pythonhosted.org/packages/9c/4b/6f8906aaf67d501e259b0adab4d312945bb7211e8b8d4dcc77c92320edaa/json5-0.14.0.tar.gz", hash = "sha256:b3f492fad9f6cdbced8b7d40b28b9b1c9701c5f561bef0d33b81c2ff433fefcb", size = 52656, upload-time = "2026-03-27T22:50:48.108Z" }
wheels = [
    { url = "https://files.pythonhosted.org/packages/b8/42/cf027b4ac873b076189d935b135397675dac80cb29acb13e1ab86ad6c631/json5-0.14.0-py3-none-any.whl", hash = "sha256:56cf861bab076b1178eb8c92e1311d273a9b9acea2ccc82c276abf839ebaef3a", size = 36271, upload-time = "2026-03-27T22:50:47.073Z" },
]

[[package]]
name = "markdown"
version = "3.10.2"
source = { registry = "https://pypi.org/simple" }
sdist = { url = "https://files.pythonhosted.org/packages/2b/f4/69fa6ed85ae003c2378ffa8f6d2e3234662abd02c10d216c0ba96081a238/markdown-3.10.2.tar.gz", hash = "sha256:994d51325d25ad8aa7ce4ebaec003febcce822c3f8c911e3b17c52f7f589f950", size = 368805, upload-time = "2026-02-09T14:57:26.942Z" }
wheels = [
    { url = "https://files.pythonhosted.org/packages/de/1f/77fa3081e4f66ca3576c896ae5d31c3002ac6607f9747d2e3aa49227e464/markdown-3.10.2-py3-none-any.whl", hash = "sha256:e91464b71ae3ee7afd3017d9f358ef0baf158fd9a298db92f1d4761133824c36", size = 108180, upload-time = "2026-02-09T14:57:25.787Z" },
]

[[package]]
name = "markupsafe"
version = "3.0.3"
source = { registry = "https://pypi.org/simple" }
sdist = { url = "https://files.pythonhosted.org/packages/7e/99/7690b6d4034fffd95959cbe0c02de8deb3098cc577c67bb6a24fe5d7caa7/markupsafe-3.0.3.tar.gz", hash = "sha256:722695808f4b6457b320fdc131280796bdceb04ab50fe1795cd540799ebe1698", size = 80313, upload-time = "2025-09-27T18:37:40.426Z" }
wheels = [
    { url = "https://files.pythonhosted.org/packages/33/8a/8e42d4838cd89b7dde187011e97fe6c3af66d8c044997d2183fbd6d31352/markupsafe-3.0.3-cp314-cp314-macosx_10_13_x86_64.whl", hash = "sha256:eaa9599de571d72e2daf60164784109f19978b327a3910d3e9de8c97b5b70cfe", size = 11619, upload-time = "2025-09-27T18:37:06.342Z" },
    { url = "https://files.pythonhosted.org/packages/b5/64/7660f8a4a8e53c924d0fa05dc3a55c9cee10bbd82b11c5afb27d44b096ce/markupsafe-3.0.3-cp314-cp314-macosx_11_0_arm64.whl", hash = "sha256:c47a551199eb8eb2121d4f0f15ae0f923d31350ab9280078d1e5f12b249e0026", size = 12029, upload-time = "2025-09-27T18:37:07.213Z" },
    { url = "https://files.pythonhosted.org/packages/da/ef/e648bfd021127bef5fa12e1720ffed0c6cbb8310c8d9bea7266337ff06de/markupsafe-3.0.3-cp314-cp314-manylinux2014_aarch64.manylinux_2_17_aarch64.manylinux_2_28_aarch64.whl", hash = "sha256:f34c41761022dd093b4b6896d4810782ffbabe30f2d443ff5f083e0cbbb8c737", size = 24408, upload-time = "2025-09-27T18:37:09.572Z" },
    { url = "https://files.pythonhosted.org/packages/41/3c/a36c2450754618e62008bf7435ccb0f88053e07592e6028a34776213d877/markupsafe-3.0.3-cp314-cp314-manylinux2014_x86_64.manylinux_2_17_x86_64.manylinux_2_28_x86_64.whl", hash = "sha256:457a69a9577064c05a97c41f4e65148652db078a3a509039e64d3467b9e7ef97", size = 23005, upload-time = "2025-09-27T18:37:10.58Z" },
    { url = "https://files.pythonhosted.org/packages/bc/20/b7fdf89a8456b099837cd1dc21974632a02a999ec9bf7ca3e490aacd98e7/markupsafe-3.0.3-cp314-cp314-manylinux_2_31_riscv64.manylinux_2_39_riscv64.whl", hash = "sha256:e8afc3f2ccfa24215f8cb28dcf43f0113ac3c37c2f0f0806d8c70e4228c5cf4d", size = 22048, upload-time = "2025-09-27T18:37:11.547Z" },
    { url = "https://files.pythonhosted.org/packages/9a/a7/591f592afdc734f47db08a75793a55d7fbcc6902a723ae4cfbab61010cc5/markupsafe-3.0.3-cp314-cp314-musllinux_1_2_aarch64.whl", hash = "sha256:ec15a59cf5af7be74194f7ab02d0f59a62bdcf1a537677ce67a2537c9b87fcda", size = 23821, upload-time = "2025-09-27T18:37:12.48Z" },
    { url = "https://files.pythonhosted.org/packages/7d/33/45b24e4f44195b26521bc6f1a82197118f74df348556594bd2262bda1038/markupsafe-3.0.3-cp314-cp314-musllinux_1_2_riscv64.whl", hash = "sha256:0eb9ff8191e8498cca014656ae6b8d61f39da5f95b488805da4bb029cccbfbaf", size = 21606, upload-time = "2025-09-27T18:37:13.485Z" },
    { url = "https://files.pythonhosted.org/packages/ff/0e/53dfaca23a69fbfbbf17a4b64072090e70717344c52eaaaa9c5ddff1e5f0/markupsafe-3.0.3-cp314-cp314-musllinux_1_2_x86_64.whl", hash = "sha256:2713baf880df847f2bece4230d4d094280f4e67b1e813eec43b4c0e144a34ffe", size = 23043, upload-time = "2025-09-27T18:37:14.408Z" },
    { url = "https://files.pythonhosted.org/packages/46/11/f333a06fc16236d5238bfe74daccbca41459dcd8d1fa952e8fbd5dccfb70/markupsafe-3.0.3-cp314-cp314-win32.whl", hash = "sha256:729586769a26dbceff69f7a7dbbf59ab6572b99d94576a5592625d5b411576b9", size = 14747, upload-time = "2025-09-27T18:37:15.36Z" },
    { url = "https://files.pythonhosted.org/packages/28/52/182836104b33b444e400b14f797212f720cbc9ed6ba34c800639d154e821/markupsafe-3.0.3-cp314-cp314-win_amd64.whl", hash = "sha256:bdc919ead48f234740ad807933cdf545180bfbe9342c2bb451556db2ed958581", size = 15341, upload-time = "2025-09-27T18:37:16.496Z" },
    { url = "https://files.pythonhosted.org/packages/6f/18/acf23e91bd94fd7b3031558b1f013adfa21a8e407a3fdb32745538730382/markupsafe-3.0.3-cp314-cp314-win_arm64.whl", hash = "sha256:5a7d5dc5140555cf21a6fefbdbf8723f06fcd2f63ef108f2854de715e4422cb4", size = 14073, upload-time = "2025-09-27T18:37:17.476Z" },
    { url = "https://files.pythonhosted.org/packages/3c/f0/57689aa4076e1b43b15fdfa646b04653969d50cf30c32a102762be2485da/markupsafe-3.0.3-cp314-cp314t-macosx_10_13_x86_64.whl", hash = "sha256:1353ef0c1b138e1907ae78e2f6c63ff67501122006b0f9abad68fda5f4ffc6ab", size = 11661, upload-time = "2025-09-27T18:37:18.453Z" },
    { url = "https://files.pythonhosted.org/packages/89/c3/2e67a7ca217c6912985ec766c6393b636fb0c2344443ff9d91404dc4c79f/markupsafe-3.0.3-cp314-cp314t-macosx_11_0_arm64.whl", hash = "sha256:1085e7fbddd3be5f89cc898938f42c0b3c711fdcb37d75221de2666af647c175", size = 12069, upload-time = "2025-09-27T18:37:19.332Z" },
    { url = "https://files.pythonhosted.org/packages/f0/00/be561dce4e6ca66b15276e184ce4b8aec61fe83662cce2f7d72bd3249d28/markupsafe-3.0.3-cp314-cp314t-manylinux2014_aarch64.manylinux_2_17_aarch64.manylinux_2_28_aarch64.whl", hash = "sha256:1b52b4fb9df4eb9ae465f8d0c228a00624de2334f216f178a995ccdcf82c4634", size = 25670, upload-time = "2025-09-27T18:37:20.245Z" },
    { url = "https://files.pythonhosted.org/packages/50/09/c419f6f5a92e5fadde27efd190eca90f05e1261b10dbd8cbcb39cd8ea1dc/markupsafe-3.0.3-cp314-cp314t-manylinux2014_x86_64.manylinux_2_17_x86_64.manylinux_2_28_x86_64.whl", hash = "sha256:fed51ac40f757d41b7c48425901843666a6677e3e8eb0abcff09e4ba6e664f50", size = 23598, upload-time = "2025-09-27T18:37:21.177Z" },
    { url = "https://files.pythonhosted.org/packages/22/44/a0681611106e0b2921b3033fc19bc53323e0b50bc70cffdd19f7d679bb66/markupsafe-3.0.3-cp314-cp314t-manylinux_2_31_riscv64.manylinux_2_39_riscv64.whl", hash = "sha256:f190daf01f13c72eac4efd5c430a8de82489d9cff23c364c3ea822545032993e", size = 23261, upload-time = "2025-09-27T18:37:22.167Z" },
    { url = "https://files.pythonhosted.org/packages/5f/57/1b0b3f100259dc9fffe780cfb60d4be71375510e435efec3d116b6436d43/markupsafe-3.0.3-cp314-cp314t-musllinux_1_2_aarch64.whl", hash = "sha256:e56b7d45a839a697b5eb268c82a71bd8c7f6c94d6fd50c3d577fa39a9f1409f5", size = 24835, upload-time = "2025-09-27T18:37:23.296Z" },
    { url = "https://files.pythonhosted.org/packages/26/6a/4bf6d0c97c4920f1597cc14dd720705eca0bf7c787aebc6bb4d1bead5388/markupsafe-3.0.3-cp314-cp314t-musllinux_1_2_riscv64.whl", hash = "sha256:f3e98bb3798ead92273dc0e5fd0f31ade220f59a266ffd8a4f6065e0a3ce0523", size = 22733, upload-time = "2025-09-27T18:37:24.237Z" },
    { url = "https://files.pythonhosted.org/packages/14/c7/ca723101509b518797fedc2fdf79ba57f886b4aca8a7d31857ba3ee8281f/markupsafe-3.0.3-cp314-cp314t-musllinux_1_2_x86_64.whl", hash = "sha256:5678211cb9333a6468fb8d8be0305520aa073f50d17f089b5b4b477ea6e67fdc", size = 23672, upload-time = "2025-09-27T18:37:25.271Z" },
    { url = "https://files.pythonhosted.org/packages/fb/df/5bd7a48c256faecd1d36edc13133e51397e41b73bb77e1a69deab746ebac/markupsafe-3.0.3-cp314-cp314t-win32.whl", hash = "sha256:915c04ba3851909ce68ccc2b8e2cd691618c4dc4c4232fb7982bca3f41fd8c3d", size = 14819, upload-time = "2025-09-27T18:37:26.285Z" },
    { url = "https://files.pythonhosted.org/packages/1a/8a/0402ba61a2f16038b48b39bccca271134be00c5c9f0f623208399333c448/markupsafe-3.0.3-cp314-cp314t-win_amd64.whl", hash = "sha256:4faffd047e07c38848ce017e8725090413cd80cbc23d86e55c587bf979e579c9", size = 15426, upload-time = "2025-09-27T18:37:27.316Z" },
    { url = "https://files.pythonhosted.org/packages/70/bc/6f1c2f612465f5fa89b95bead1f44dcb607670fd42891d8fdcd5d039f4f4/markupsafe-3.0.3-cp314-cp314t-win_arm64.whl", hash = "sha256:32001d6a8fc98c8cb5c947787c5d08b0a50663d139f1305bac5885d98d9b40fa", size = 14146, upload-time = "2025-09-27T18:37:28.327Z" },
]

[[package]]
name = "mdx-truly-sane-lists"
version = "1.3"
source = { registry = "https://pypi.org/simple" }
dependencies = [
    { name = "markdown" },
]
sdist = { url = "https://files.pythonhosted.org/packages/e6/27/16456314311abac2cedef4527679924e80ac4de19dd926699c1b261e0b9b/mdx_truly_sane_lists-1.3.tar.gz", hash = "sha256:b661022df7520a1e113af7c355c62216b384c867e4f59fb8ee7ad511e6e77f45", size = 5359, upload-time = "2022-07-19T13:42:45.153Z" }
wheels = [
    { url = "https://files.pythonhosted.org/packages/3a/9e/dcd1027f7fd193aed152e01c6651a197c36b858f2cd1425ad04cb31a34fc/mdx_truly_sane_lists-1.3-py3-none-any.whl", hash = "sha256:b9546a4c40ff8f1ab692f77cee4b6bfe8ddf9cccf23f0a24e71f3716fe290a37", size = 6071, upload-time = "2022-07-19T13:42:43.375Z" },
]

[[package]]
name = "pathspec"
version = "1.0.4"
source = { registry = "https://pypi.org/simple" }
sdist = { url = "https://files.pythonhosted.org/packages/fa/36/e27608899f9b8d4dff0617b2d9ab17ca5608956ca44461ac14ac48b44015/pathspec-1.0.4.tar.gz", hash = "sha256:0210e2ae8a21a9137c0d470578cb0e595af87edaa6ebf12ff176f14a02e0e645", size = 131200, upload-time = "2026-01-27T03:59:46.938Z" }
wheels = [
    { url = "https://files.pythonhosted.org/packages/ef/3c/2c197d226f9ea224a9ab8d197933f9da0ae0aac5b6e0f884e2b8d9c8e9f7/pathspec-1.0.4-py3-none-any.whl", hash = "sha256:fb6ae2fd4e7c921a165808a552060e722767cfa526f99ca5156ed2ce45a5c723", size = 55206, upload-time = "2026-01-27T03:59:45.137Z" },
]

[[package]]
name = "prek"
version = "0.3.8"
source = { registry = "https://pypi.org/simple" }
sdist = { url = "https://files.pythonhosted.org/packages/62/ee/03e8180e3fda9de25b6480bd15cc2bde40d573868d50648b0e527b35562f/prek-0.3.8.tar.gz", hash = "sha256:434a214256516f187a3ab15f869d950243be66b94ad47987ee4281b69643a2d9", size = 400224, upload-time = "2026-03-23T08:23:35.981Z" }
wheels = [
    { url = "https://files.pythonhosted.org/packages/00/84/40d2ddf362d12c4cd4a25a8c89a862edf87cdfbf1422aa41aac8e315d409/prek-0.3.8-py3-none-linux_armv6l.whl", hash = "sha256:6fb646ada60658fa6dd7771b2e0fb097f005151be222f869dada3eb26d79ed33", size = 5226646, upload-time = "2026-03-23T08:23:18.306Z" },
    { url = "https://files.pythonhosted.org/packages/e1/52/7308a033fa43b7e8e188797bd2b3b017c0f0adda70fa7af575b1f43ea888/prek-0.3.8-py3-none-macosx_10_12_x86_64.whl", hash = "sha256:f3d7fdadb15efc19c09953c7a33cf2061a70f367d1e1957358d3ad5cc49d0616", size = 5620104, upload-time = "2026-03-23T08:23:40.053Z" },
    { url = "https://files.pythonhosted.org/packages/ff/b1/f106ac000a91511a9cd80169868daf2f5b693480ef5232cec5517a38a512/prek-0.3.8-py3-none-macosx_11_0_arm64.whl", hash = "sha256:72728c3295e79ca443f8c1ec037d2a5b914ec73a358f69cf1bc1964511876bf8", size = 5199867, upload-time = "2026-03-23T08:23:38.066Z" },
    { url = "https://files.pythonhosted.org/packages/b3/e9/970713f4b019f69de9844e1bab37b8ddb67558e410916f4eb5869a696165/prek-0.3.8-py3-none-manylinux_2_17_aarch64.manylinux2014_aarch64.musllinux_1_1_aarch64.whl", hash = "sha256:48efc28f2f53b5b8087efca9daaed91572d62df97d5f24a1c7a087fecb5017de", size = 5441801, upload-time = "2026-03-23T08:23:32.617Z" },
    { url = "https://files.pythonhosted.org/packages/12/a4/7ef44032b181753e19452ec3b09abb3a32607cf6b0a0508f0604becaaf2b/prek-0.3.8-py3-none-manylinux_2_17_armv7l.manylinux2014_armv7l.whl", hash = "sha256:f6ca9d63bacbc448a5c18e955c78d3ac5176c3a17c3baacdd949b1a623e08a36", size = 5155107, upload-time = "2026-03-23T08:23:31.021Z" },
    { url = "https://files.pythonhosted.org/packages/bd/77/4d9c8985dbba84149760785dfe07093ea1e29d710257dfb7c89615e2234c/prek-0.3.8-py3-none-manylinux_2_17_i686.manylinux2014_i686.whl", hash = "sha256:1000f7029696b4fe712fb1fefd4c55b9c4de72b65509c8e50296370a06f9dc3f", size = 5566541, upload-time = "2026-03-23T08:23:45.694Z" },
    { url = "https://files.pythonhosted.org/packages/1a/1a/81e6769ac1f7f8346d09ce2ab0b47cf06466acd9ff72e87e5d1f0d98cd32/prek-0.3.8-py3-none-manylinux_2_17_s390x.manylinux2014_s390x.whl", hash = "sha256:6ff0bed0e2c1286522987d982168a86cbbd0d069d840506a46c9fda983515517", size = 6552991, upload-time = "2026-03-23T08:23:21.958Z" },
    { url = "https://files.pythonhosted.org/packages/6f/fa/ce2df0dd2dc75a9437a52463239d0782998943d7b04e191fb89b83016c34/prek-0.3.8-py3-none-manylinux_2_17_x86_64.manylinux2014_x86_64.whl", hash = "sha256:4fb087ac0ffda3ac65bbbae9a38326a7fd27ee007bb4a94323ce1eb539d8bbec", size = 5832972, upload-time = "2026-03-23T08:23:20.258Z" },
    { url = "https://files.pythonhosted.org/packages/18/6b/9d4269df9073216d296244595a21c253b6475dfc9076c0bd2906be7a436c/prek-0.3.8-py3-none-manylinux_2_28_aarch64.whl", hash = "sha256:2e1e5e206ff7b31bd079cce525daddc96cd6bc544d20dc128921ad92f7a4c85d", size = 5448371, upload-time = "2026-03-23T08:23:41.835Z" },
    { url = "https://files.pythonhosted.org/packages/60/1d/1e4d8a78abefa5b9d086e5a9f1638a74b5e540eec8a648d9946707701f29/prek-0.3.8-py3-none-manylinux_2_31_riscv64.whl", hash = "sha256:dcea3fe23832a4481bccb7c45f55650cb233be7c805602e788bb7dba60f2d861", size = 5270546, upload-time = "2026-03-23T08:23:24.231Z" },
    { url = "https://files.pythonhosted.org/packages/77/07/34f36551a6319ae36e272bea63a42f59d41d2d47ab0d5fb00eb7b4e88e87/prek-0.3.8-py3-none-musllinux_1_1_armv7l.whl", hash = "sha256:4d25e647e9682f6818ab5c31e7a4b842993c14782a6ffcd128d22b784e0d677f", size = 5124032, upload-time = "2026-03-23T08:23:26.368Z" },
    { url = "https://files.pythonhosted.org/packages/e3/01/6d544009bb655e709993411796af77339f439526db4f3b3509c583ad8eb9/prek-0.3.8-py3-none-musllinux_1_1_i686.whl", hash = "sha256:de528b82935e33074815acff3c7c86026754d1212136295bc88fe9c43b4231d5", size = 5432245, upload-time = "2026-03-23T08:23:47.877Z" },
    { url = "https://files.pythonhosted.org/packages/54/96/1237ee269e9bfa283ffadbcba1f401f48a47aed2b2563eb1002740d6079d/prek-0.3.8-py3-none-musllinux_1_1_x86_64.whl", hash = "sha256:6d660f1c25a126e6d9f682fe61449441226514f412a4469f5d71f8f8cad56db2", size = 5950550, upload-time = "2026-03-23T08:23:43.8Z" },
    { url = "https://files.pythonhosted.org/packages/ca/6b/a574411459049bc691047c9912f375deda10c44a707b6ce98df2b658f0b3/prek-0.3.8-py3-none-win32.whl", hash = "sha256:b0c291c577615d9f8450421dff0b32bfd77a6b0d223ee4115a1f820cb636fdf1", size = 4949501, upload-time = "2026-03-23T08:23:16.338Z" },
    { url = "https://files.pythonhosted.org/packages/0c/b4/46b59fe49f635acd9f6530778ce577f9d8b49452835726a5311ffc902c67/prek-0.3.8-py3-none-win_amd64.whl", hash = "sha256:bc147fdbdd4ec33fc7a987b893ecb69b1413ac100d95c9889a70f3fd58c73d06", size = 5346551, upload-time = "2026-03-23T08:23:34.501Z" },
    { url = "https://files.pythonhosted.org/packages/53/05/9cca1708bb8c65264124eb4b04251e0f65ce5bfc707080bb6b492d5a0df7/prek-0.3.8-py3-none-win_arm64.whl", hash = "sha256:a2614647aeafa817a5802ccb9561e92eedc20dcf840639a1b00826e2c2442515", size = 5190872, upload-time = "2026-03-23T08:23:29.463Z" },
]

[[package]]
name = "pyyaml"
version = "6.0.3"
source = { registry = "https://pypi.org/simple" }
sdist = { url = "https://files.pythonhosted.org/packages/05/8e/961c0007c59b8dd7729d542c61a4d537767a59645b82a0b521206e1e25c2/pyyaml-6.0.3.tar.gz", hash = "sha256:d76623373421df22fb4cf8817020cbb7ef15c725b9d5e45f17e189bfc384190f", size = 130960, upload-time = "2025-09-25T21:33:16.546Z" }
wheels = [
    { url = "https://files.pythonhosted.org/packages/9d/8c/f4bd7f6465179953d3ac9bc44ac1a8a3e6122cf8ada906b4f96c60172d43/pyyaml-6.0.3-cp314-cp314-macosx_10_13_x86_64.whl", hash = "sha256:8d1fab6bb153a416f9aeb4b8763bc0f22a5586065f86f7664fc23339fc1c1fac", size = 181814, upload-time = "2025-09-25T21:32:35.712Z" },
    { url = "https://files.pythonhosted.org/packages/bd/9c/4d95bb87eb2063d20db7b60faa3840c1b18025517ae857371c4dd55a6b3a/pyyaml-6.0.3-cp314-cp314-macosx_11_0_arm64.whl", hash = "sha256:34d5fcd24b8445fadc33f9cf348c1047101756fd760b4dacb5c3e99755703310", size = 173809, upload-time = "2025-09-25T21:32:36.789Z" },
    { url = "https://files.pythonhosted.org/packages/92/b5/47e807c2623074914e29dabd16cbbdd4bf5e9b2db9f8090fa64411fc5382/pyyaml-6.0.3-cp314-cp314-manylinux2014_aarch64.manylinux_2_17_aarch64.manylinux_2_28_aarch64.whl", hash = "sha256:501a031947e3a9025ed4405a168e6ef5ae3126c59f90ce0cd6f2bfc477be31b7", size = 766454, upload-time = "2025-09-25T21:32:37.966Z" },
    { url = "https://files.pythonhosted.org/packages/02/9e/e5e9b168be58564121efb3de6859c452fccde0ab093d8438905899a3a483/pyyaml-6.0.3-cp314-cp314-manylinux2014_s390x.manylinux_2_17_s390x.manylinux_2_28_s390x.whl", hash = "sha256:b3bc83488de33889877a0f2543ade9f70c67d66d9ebb4ac959502e12de895788", size = 836355, upload-time = "2025-09-25T21:32:39.178Z" },
    { url = "https://files.pythonhosted.org/packages/88/f9/16491d7ed2a919954993e48aa941b200f38040928474c9e85ea9e64222c3/pyyaml-6.0.3-cp314-cp314-manylinux2014_x86_64.manylinux_2_17_x86_64.manylinux_2_28_x86_64.whl", hash = "sha256:c458b6d084f9b935061bc36216e8a69a7e293a2f1e68bf956dcd9e6cbcd143f5", size = 794175, upload-time = "2025-09-25T21:32:40.865Z" },
    { url = "https://files.pythonhosted.org/packages/dd/3f/5989debef34dc6397317802b527dbbafb2b4760878a53d4166579111411e/pyyaml-6.0.3-cp314-cp314-musllinux_1_2_aarch64.whl", hash = "sha256:7c6610def4f163542a622a73fb39f534f8c101d690126992300bf3207eab9764", size = 755228, upload-time = "2025-09-25T21:32:42.084Z" },
    { url = "https://files.pythonhosted.org/packages/d7/ce/af88a49043cd2e265be63d083fc75b27b6ed062f5f9fd6cdc223ad62f03e/pyyaml-6.0.3-cp314-cp314-musllinux_1_2_x86_64.whl", hash = "sha256:5190d403f121660ce8d1d2c1bb2ef1bd05b5f68533fc5c2ea899bd15f4399b35", size = 789194, upload-time = "2025-09-25T21:32:43.362Z" },
    { url = "https://files.pythonhosted.org/packages/23/20/bb6982b26a40bb43951265ba29d4c246ef0ff59c9fdcdf0ed04e0687de4d/pyyaml-6.0.3-cp314-cp314-win_amd64.whl", hash = "sha256:4a2e8cebe2ff6ab7d1050ecd59c25d4c8bd7e6f400f5f82b96557ac0abafd0ac", size = 156429, upload-time = "2025-09-25T21:32:57.844Z" },
    { url = "https://files.pythonhosted.org/packages/f4/f4/a4541072bb9422c8a883ab55255f918fa378ecf083f5b85e87fc2b4eda1b/pyyaml-6.0.3-cp314-cp314-win_arm64.whl", hash = "sha256:93dda82c9c22deb0a405ea4dc5f2d0cda384168e466364dec6255b293923b2f3", size = 143912, upload-time = "2025-09-25T21:32:59.247Z" },
    { url = "https://files.pythonhosted.org/packages/7c/f9/07dd09ae774e4616edf6cda684ee78f97777bdd15847253637a6f052a62f/pyyaml-6.0.3-cp314-cp314t-macosx_10_13_x86_64.whl", hash = "sha256:02893d100e99e03eda1c8fd5c441d8c60103fd175728e23e431db1b589cf5ab3", size = 189108, upload-time = "2025-09-25T21:32:44.377Z" },
    { url = "https://files.pythonhosted.org/packages/4e/78/8d08c9fb7ce09ad8c38ad533c1191cf27f7ae1effe5bb9400a46d9437fcf/pyyaml-6.0.3-cp314-cp314t-macosx_11_0_arm64.whl", hash = "sha256:c1ff362665ae507275af2853520967820d9124984e0f7466736aea23d8611fba", size = 183641, upload-time = "2025-09-25T21:32:45.407Z" },
    { url = "https://files.pythonhosted.org/packages/7b/5b/3babb19104a46945cf816d047db2788bcaf8c94527a805610b0289a01c6b/pyyaml-6.0.3-cp314-cp314t-manylinux2014_aarch64.manylinux_2_17_aarch64.manylinux_2_28_aarch64.whl", hash = "sha256:6adc77889b628398debc7b65c073bcb99c4a0237b248cacaf3fe8a557563ef6c", size = 831901, upload-time = "2025-09-25T21:32:48.83Z" },
    { url = "https://files.pythonhosted.org/packages/8b/cc/dff0684d8dc44da4d22a13f35f073d558c268780ce3c6ba1b87055bb0b87/pyyaml-6.0.3-cp314-cp314t-manylinux2014_s390x.manylinux_2_17_s390x.manylinux_2_28_s390x.whl", hash = "sha256:a80cb027f6b349846a3bf6d73b5e95e782175e52f22108cfa17876aaeff93702", size = 861132, upload-time = "2025-09-25T21:32:50.149Z" },
    { url = "https://files.pythonhosted.org/packages/b1/5e/f77dc6b9036943e285ba76b49e118d9ea929885becb0a29ba8a7c75e29fe/pyyaml-6.0.3-cp314-cp314t-manylinux2014_x86_64.manylinux_2_17_x86_64.manylinux_2_28_x86_64.whl", hash = "sha256:00c4bdeba853cc34e7dd471f16b4114f4162dc03e6b7afcc2128711f0eca823c", size = 839261, upload-time = "2025-09-25T21:32:51.808Z" },
    { url = "https://files.pythonhosted.org/packages/ce/88/a9db1376aa2a228197c58b37302f284b5617f56a5d959fd1763fb1675ce6/pyyaml-6.0.3-cp314-cp314t-musllinux_1_2_aarch64.whl", hash = "sha256:66e1674c3ef6f541c35191caae2d429b967b99e02040f5ba928632d9a7f0f065", size = 805272, upload-time = "2025-09-25T21:32:52.941Z" },
    { url = "https://files.pythonhosted.org/packages/da/92/1446574745d74df0c92e6aa4a7b0b3130706a4142b2d1a5869f2eaa423c6/pyyaml-6.0.3-cp314-cp314t-musllinux_1_2_x86_64.whl", hash = "sha256:16249ee61e95f858e83976573de0f5b2893b3677ba71c9dd36b9cf8be9ac6d65", size = 829923, upload-time = "2025-09-25T21:32:54.537Z" },
    { url = "https://files.pythonhosted.org/packages/f0/7a/1c7270340330e575b92f397352af856a8c06f230aa3e76f86b39d01b416a/pyyaml-6.0.3-cp314-cp314t-win_amd64.whl", hash = "sha256:4ad1906908f2f5ae4e5a8ddfce73c320c2a1429ec52eafd27138b7f1cbe341c9", size = 174062, upload-time = "2025-09-25T21:32:55.767Z" },
    { url = "https://files.pythonhosted.org/packages/f1/12/de94a39c2ef588c7e6455cfbe7343d3b2dc9d6b6b2f40c4c6565744c873d/pyyaml-6.0.3-cp314-cp314t-win_arm64.whl", hash = "sha256:ebc55a14a21cb14062aa4162f906cd962b28e2e9ea38f9b4391244cd8de4ae0b", size = 149341, upload-time = "2025-09-25T21:32:56.828Z" },
]

[[package]]
name = "regex"
version = "2026.3.32"
source = { registry = "https://pypi.org/simple" }
sdist = { url = "https://files.pythonhosted.org/packages/81/93/5ab3e899c47fa7994e524447135a71cd121685a35c8fe35029005f8b236f/regex-2026.3.32.tar.gz", hash = "sha256:f1574566457161678297a116fa5d1556c5a4159d64c5ff7c760e7c564bf66f16", size = 415605, upload-time = "2026-03-28T21:49:22.012Z" }
wheels = [
    { url = "https://files.pythonhosted.org/packages/32/68/ff024bf6131b7446a791a636dbbb7fa732d586f33b276d84b3460ea49393/regex-2026.3.32-cp314-cp314-macosx_10_13_universal2.whl", hash = "sha256:a416ee898ecbc5d8b283223b4cf4d560f93244f6f7615c1bd67359744b00c166", size = 490430, upload-time = "2026-03-28T21:48:05.654Z" },
    { url = "https://files.pythonhosted.org/packages/61/72/039d9164817ee298f2a2d0246001afe662241dcbec0eedd1fe03e2a2555e/regex-2026.3.32-cp314-cp314-macosx_10_13_x86_64.whl", hash = "sha256:d76d62909bfb14521c3f7cfd5b94c0c75ec94b0a11f647d2f604998962ec7b6c", size = 291948, upload-time = "2026-03-28T21:48:07.666Z" },
    { url = "https://files.pythonhosted.org/packages/06/9d/77f684d90ffe3e99b828d3cabb87a0f1601d2b9decd1333ff345809b1d02/regex-2026.3.32-cp314-cp314-macosx_11_0_arm64.whl", hash = "sha256:631f7d95c83f42bccfe18946a38ad27ff6b6717fb4807e60cf24860b5eb277fc", size = 289786, upload-time = "2026-03-28T21:48:09.562Z" },
    { url = "https://files.pythonhosted.org/packages/83/70/bd76069a0304e924682b2efd8683a01617a7e1da9b651af73039d8da76a4/regex-2026.3.32-cp314-cp314-manylinux2014_aarch64.manylinux_2_17_aarch64.manylinux_2_28_aarch64.whl", hash = "sha256:12917c6c6813ffcdfb11680a04e4d63c5532b88cf089f844721c5f41f41a63ad", size = 796672, upload-time = "2026-03-28T21:48:11.568Z" },
    { url = "https://files.pythonhosted.org/packages/80/31/c2d7d9a5671e111a2c16d57e0cb03e1ce35b28a115901590528aa928bb5b/regex-2026.3.32-cp314-cp314-manylinux2014_ppc64le.manylinux_2_17_ppc64le.manylinux_2_28_ppc64le.whl", hash = "sha256:3e221b615f83b15887636fcb90ed21f1a19541366f8b7ba14ba1ad8304f4ded4", size = 866556, upload-time = "2026-03-28T21:48:14.081Z" },
    { url = "https://files.pythonhosted.org/packages/d7/b9/9921a31931d0bc3416ac30205471e0e2ed60dcbd16fc922bbd69b427322b/regex-2026.3.32-cp314-cp314-manylinux2014_s390x.manylinux_2_17_s390x.manylinux_2_28_s390x.whl", hash = "sha256:4f9ae4755fa90f1dc2d0d393d572ebc134c0fe30fcfc0ab7e67c1db15f192041", size = 912787, upload-time = "2026-03-28T21:48:16.548Z" },
    { url = "https://files.pythonhosted.org/packages/41/ab/2c1bc8ab99f63cdabdbc7823af8f4cfcd6ddbb2babf01861826c3f1ad44d/regex-2026.3.32-cp314-cp314-manylinux2014_x86_64.manylinux_2_17_x86_64.manylinux_2_28_x86_64.whl", hash = "sha256:a094e9dcafedfb9d333db5cf880304946683f43a6582bb86688f123335122929", size = 800879, upload-time = "2026-03-28T21:48:18.971Z" },
    { url = "https://files.pythonhosted.org/packages/49/e5/0be716eb2c0b2ae3a439e44432534e82b2f81848af64cb21c0473ad8ae46/regex-2026.3.32-cp314-cp314-manylinux_2_31_riscv64.manylinux_2_39_riscv64.whl", hash = "sha256:c1cecea3e477af105f32ef2119b8d895f297492e41d317e60d474bc4bffd62ff", size = 776332, upload-time = "2026-03-28T21:48:21.163Z" },
    { url = "https://files.pythonhosted.org/packages/26/80/114a61bd25dec7d1070930eaef82aadf9b05961a37629e7cca7bc3fc2257/regex-2026.3.32-cp314-cp314-musllinux_1_2_aarch64.whl", hash = "sha256:f26262900edd16272b6360014495e8d68379c6c6e95983f9b7b322dc928a1194", size = 786384, upload-time = "2026-03-28T21:48:23.277Z" },
    { url = "https://files.pythonhosted.org/packages/0c/78/be0a6531f8db426e8e60d6356aeef8e9cc3f541655a648c4968b63c87a88/regex-2026.3.32-cp314-cp314-musllinux_1_2_ppc64le.whl", hash = "sha256:1cb22fa9ee6a0acb22fc9aecce5f9995fe4d2426ed849357d499d62608fbd7f9", size = 861381, upload-time = "2026-03-28T21:48:25.371Z" },
    { url = "https://files.pythonhosted.org/packages/45/b1/e5076fbe45b8fb39672584b1b606d512f5bd3a43155be68a95f6b88c1fc5/regex-2026.3.32-cp314-cp314-musllinux_1_2_riscv64.whl", hash = "sha256:9b9118a78e031a2e4709cd2fcc3028432e89b718db70073a8da574c249b5b249", size = 765434, upload-time = "2026-03-28T21:48:27.494Z" },
    { url = "https://files.pythonhosted.org/packages/a3/da/fd65d68b897f8b52b1390d20d776fa753582484724a9cb4f4c26de657ae5/regex-2026.3.32-cp314-cp314-musllinux_1_2_s390x.whl", hash = "sha256:b193ed199848aa96618cd5959c1582a0bf23cd698b0b900cb0ffe81b02c8659c", size = 851501, upload-time = "2026-03-28T21:48:29.884Z" },
    { url = "https://files.pythonhosted.org/packages/e8/d6/1e9c991c32022a9312e9124cc974961b3a2501338de2cd1cce75a3612d7a/regex-2026.3.32-cp314-cp314-musllinux_1_2_x86_64.whl", hash = "sha256:10fb2aaae1aaadf7d43c9f3c2450404253697bf8b9ce360bd5418d1d16292298", size = 788076, upload-time = "2026-03-28T21:48:32.025Z" },
    { url = "https://files.pythonhosted.org/packages/f0/5b/b23c72f6d607cbb24ef42acf0c7c2ef4eee1377a9f7ba43b312f889edfbb/regex-2026.3.32-cp314-cp314-win32.whl", hash = "sha256:110ba4920721374d16c4c8ea7ce27b09546d43e16aea1d7f43681b5b8f80ba61", size = 272255, upload-time = "2026-03-28T21:48:34.355Z" },
    { url = "https://files.pythonhosted.org/packages/2a/ec/32bbcc42366097a8cea2c481e02964be6c6fa5ccfb0fa9581686af0bec5f/regex-2026.3.32-cp314-cp314-win_amd64.whl", hash = "sha256:245667ad430745bae6a1e41081872d25819d86fbd9e0eec485ba00d9f78ad43d", size = 281160, upload-time = "2026-03-28T21:48:36.588Z" },
    { url = "https://files.pythonhosted.org/packages/6c/e4/89038a028cb68e719fa03ab1ad603649fc199bcda12270d2ac7b471b8f5d/regex-2026.3.32-cp314-cp314-win_arm64.whl", hash = "sha256:1ca02ff0ef33e9d8276a1fcd6d90ff6ea055a32c9149c0050b5b67e26c6d2c51", size = 273688, upload-time = "2026-03-28T21:48:38.976Z" },
    { url = "https://files.pythonhosted.org/packages/30/6e/87caccd608837a1fa4f8c7edc48e206103452b9bbc94fc724fa39340e807/regex-2026.3.32-cp314-cp314t-macosx_10_13_universal2.whl", hash = "sha256:51fb7e26f91f9091fd8ec6a946f99b15d3bc3667cb5ddc73dd6cb2222dd4a1cc", size = 494506, upload-time = "2026-03-28T21:48:41.327Z" },
    { url = "https://files.pythonhosted.org/packages/16/53/a922e6b24694d70bdd68fc3fd076950e15b1b418cff9d2cc362b3968d86f/regex-2026.3.32-cp314-cp314t-macosx_10_13_x86_64.whl", hash = "sha256:51a93452034d671b0e21b883d48ea66c5d6a05620ee16a9d3f229e828568f3f0", size = 293986, upload-time = "2026-03-28T21:48:43.481Z" },
    { url = "https://files.pythonhosted.org/packages/60/e4/0cb32203c1aebad0577fcd5b9af1fe764869e617d5234bc6a0ad284299ea/regex-2026.3.32-cp314-cp314t-macosx_11_0_arm64.whl", hash = "sha256:03c2ebd15ff51e7b13bb3dc28dd5ac18cd39e59ebb40430b14ae1a19e833cff1", size = 292677, upload-time = "2026-03-28T21:48:45.772Z" },
    { url = "https://files.pythonhosted.org/packages/f0/f8/5006b70291469d4174dd66ad162802e2f68419c0f2a7952d0c76c1288cfa/regex-2026.3.32-cp314-cp314t-manylinux2014_aarch64.manylinux_2_17_aarch64.manylinux_2_28_aarch64.whl", hash = "sha256:5bf2f3c2c5bd8360d335c7dcd4a9006cf1dabae063ee2558ee1b07bbc8a20d88", size = 810661, upload-time = "2026-03-28T21:48:48.147Z" },
    { url = "https://files.pythonhosted.org/packages/b2/9b/438763a20d22cd1f65f95c8f030dd25df2d80a941068a891d21a5f240456/regex-2026.3.32-cp314-cp314t-manylinux2014_ppc64le.manylinux_2_17_ppc64le.manylinux_2_28_ppc64le.whl", hash = "sha256:8a4a3189a99ecdd1c13f42513ab3fc7fa8311b38ba7596dd98537acb8cd9acc3", size = 872156, upload-time = "2026-03-28T21:48:50.739Z" },
    { url = "https://files.pythonhosted.org/packages/6c/5b/1341287887ac982ed9f5f60125e440513ffe354aa7e3681940495af7c12a/regex-2026.3.32-cp314-cp314t-manylinux2014_s390x.manylinux_2_17_s390x.manylinux_2_28_s390x.whl", hash = "sha256:3c0bbfbd38506e1ea96a85da6782577f06239cb9fcf9696f1ea537c980c0680b", size = 916749, upload-time = "2026-03-28T21:48:53.57Z" },
    { url = "https://files.pythonhosted.org/packages/42/e2/1d2b48b8e94debfffc6fefb84d2a86a178cc208652a1d6493d5f29821c70/regex-2026.3.32-cp314-cp314t-manylinux2014_x86_64.manylinux_2_17_x86_64.manylinux_2_28_x86_64.whl", hash = "sha256:8aaf8ee8f34b677f90742ca089b9c83d64bdc410528767273c816a863ed57327", size = 814788, upload-time = "2026-03-28T21:48:55.905Z" },
    { url = "https://files.pythonhosted.org/packages/a6/d9/7dacb34c43adaeb954518d851f3e5d3ce495ac00a9d6010e3b4b59917c4a/regex-2026.3.32-cp314-cp314t-manylinux_2_31_riscv64.manylinux_2_39_riscv64.whl", hash = "sha256:3ea568832eca219c2be1721afa073c1c9eb8f98a9733fdedd0a9747639fc22a5", size = 786594, upload-time = "2026-03-28T21:48:58.404Z" },
    { url = "https://files.pythonhosted.org/packages/ea/72/28295068c92dbd6d3ce4fd22554345cf504e957cc57dadeda4a64fa86a57/regex-2026.3.32-cp314-cp314t-musllinux_1_2_aarch64.whl", hash = "sha256:8e4c8fa46aad1a11ae2f8fcd1c90b9d55e18925829ac0d98c5bb107f93351745", size = 800167, upload-time = "2026-03-28T21:49:01.226Z" },
    { url = "https://files.pythonhosted.org/packages/ca/17/b10745adeca5b8d52da050e7c746137f5d01dabc6dbbe6e8d9d821dc65c1/regex-2026.3.32-cp314-cp314t-musllinux_1_2_ppc64le.whl", hash = "sha256:0cec365d44835b043d7b3266487797639d07d621bec9dc0ea224b00775797cc1", size = 865906, upload-time = "2026-03-28T21:49:03.484Z" },
    { url = "https://files.pythonhosted.org/packages/45/9d/1acbcce765044ac0c87f453f4876e0897f7a61c10315262f960184310798/regex-2026.3.32-cp314-cp314t-musllinux_1_2_riscv64.whl", hash = "sha256:09e26cad1544d856da85881ad292797289e4406338afe98163f3db9f7fac816c", size = 772642, upload-time = "2026-03-28T21:49:06.811Z" },
    { url = "https://files.pythonhosted.org/packages/24/41/1ef8b4811355ad7b9d7579d3aeca00f18b7bc043ace26c8c609b9287346d/regex-2026.3.32-cp314-cp314t-musllinux_1_2_s390x.whl", hash = "sha256:6062c4ef581a3e9e503dccf4e1b7f2d33fdc1c13ad510b287741ac73bc4c6b27", size = 856927, upload-time = "2026-03-28T21:49:09.373Z" },
    { url = "https://files.pythonhosted.org/packages/97/b1/0dc1d361be80ec1b8b707ada041090181133a7a29d438e432260a4b26f9a/regex-2026.3.32-cp314-cp314t-musllinux_1_2_x86_64.whl", hash = "sha256:88ebc0783907468f17fca3d7821b30f9c21865a721144eb498cb0ff99a67bcac", size = 801910, upload-time = "2026-03-28T21:49:11.818Z" },
    { url = "https://files.pythonhosted.org/packages/b5/db/1a23f767fa250844772a9464306d34e0fafe2c317303b88a1415096b6324/regex-2026.3.32-cp314-cp314t-win32.whl", hash = "sha256:e480d3dac06c89bc2e0fd87524cc38c546ac8b4a38177650745e64acbbcfdeba", size = 275714, upload-time = "2026-03-28T21:49:14.528Z" },
    { url = "https://files.pythonhosted.org/packages/c2/2b/616d31b125ca76079d74d6b1d84ec0860ffdb41c379151135d06e35a8633/regex-2026.3.32-cp314-cp314t-win_amd64.whl", hash = "sha256:67015a8162d413af9e3309d9a24e385816666fbf09e48e3ec43342c8536f7df6", size = 285722, upload-time = "2026-03-28T21:49:16.642Z" },
    { url = "https://files.pythonhosted.org/packages/7e/91/043d9a00d6123c5fa22a3dc96b10445ce434a8110e1d5e53efb01f243c8b/regex-2026.3.32-cp314-cp314t-win_arm64.whl", hash = "sha256:1a6ac1ed758902e664e0d95c1ee5991aa6fb355423f378ed184c6ec47a1ec0e9", size = 275700, upload-time = "2026-03-28T21:49:19.348Z" },
]

[[package]]
name = "ruff"
version = "0.15.9"
source = { registry = "https://pypi.org/simple" }
sdist = { url = "https://files.pythonhosted.org/packages/e6/97/e9f1ca355108ef7194e38c812ef40ba98c7208f47b13ad78d023caa583da/ruff-0.15.9.tar.gz", hash = "sha256:29cbb1255a9797903f6dde5ba0188c707907ff44a9006eb273b5a17bfa0739a2", size = 4617361, upload-time = "2026-04-02T18:17:20.829Z" }
wheels = [
    { url = "https://files.pythonhosted.org/packages/0b/1f/9cdfd0ac4b9d1e5a6cf09bedabdf0b56306ab5e333c85c87281273e7b041/ruff-0.15.9-py3-none-linux_armv6l.whl", hash = "sha256:6efbe303983441c51975c243e26dff328aca11f94b70992f35b093c2e71801e1", size = 10511206, upload-time = "2026-04-02T18:16:41.574Z" },
    { url = "https://files.pythonhosted.org/packages/3d/f6/32bfe3e9c136b35f02e489778d94384118bb80fd92c6d92e7ccd97db12ce/ruff-0.15.9-py3-none-macosx_10_12_x86_64.whl", hash = "sha256:4965bac6ac9ea86772f4e23587746f0b7a395eccabb823eb8bfacc3fa06069f7", size = 10923307, upload-time = "2026-04-02T18:17:08.645Z" },
    { url = "https://files.pythonhosted.org/packages/ca/25/de55f52ab5535d12e7aaba1de37a84be6179fb20bddcbe71ec091b4a3243/ruff-0.15.9-py3-none-macosx_11_0_arm64.whl", hash = "sha256:eaf05aad70ca5b5a0a4b0e080df3a6b699803916d88f006efd1f5b46302daab8", size = 10316722, upload-time = "2026-04-02T18:16:44.206Z" },
    { url = "https://files.pythonhosted.org/packages/48/11/690d75f3fd6278fe55fff7c9eb429c92d207e14b25d1cae4064a32677029/ruff-0.15.9-py3-none-manylinux_2_17_aarch64.manylinux2014_aarch64.whl", hash = "sha256:9439a342adb8725f32f92732e2bafb6d5246bd7a5021101166b223d312e8fc59", size = 10623674, upload-time = "2026-04-02T18:16:50.951Z" },
    { url = "https://files.pythonhosted.org/packages/bd/ec/176f6987be248fc5404199255522f57af1b4a5a1b57727e942479fec98ad/ruff-0.15.9-py3-none-manylinux_2_17_armv7l.manylinux2014_armv7l.whl", hash = "sha256:9c5e6faf9d97c8edc43877c3f406f47446fc48c40e1442d58cfcdaba2acea745", size = 10351516, upload-time = "2026-04-02T18:16:57.206Z" },
    { url = "https://files.pythonhosted.org/packages/b2/fc/51cffbd2b3f240accc380171d51446a32aa2ea43a40d4a45ada67368fbd2/ruff-0.15.9-py3-none-manylinux_2_17_i686.manylinux2014_i686.whl", hash = "sha256:7b34a9766aeec27a222373d0b055722900fbc0582b24f39661aa96f3fe6ad901", size = 11150202, upload-time = "2026-04-02T18:17:06.452Z" },
    { url = "https://files.pythonhosted.org/packages/d6/d4/25292a6dfc125f6b6528fe6af31f5e996e19bf73ca8e3ce6eb7fa5b95885/ruff-0.15.9-py3-none-manylinux_2_17_ppc64le.manylinux2014_ppc64le.whl", hash = "sha256:89dd695bc72ae76ff484ae54b7e8b0f6b50f49046e198355e44ea656e521fef9", size = 11988891, upload-time = "2026-04-02T18:17:18.575Z" },
    { url = "https://files.pythonhosted.org/packages/13/e1/1eebcb885c10e19f969dcb93d8413dfee8172578709d7ee933640f5e7147/ruff-0.15.9-py3-none-manylinux_2_17_s390x.manylinux2014_s390x.whl", hash = "sha256:ce187224ef1de1bd225bc9a152ac7102a6171107f026e81f317e4257052916d5", size = 11480576, upload-time = "2026-04-02T18:16:52.986Z" },
    { url = "https://files.pythonhosted.org/packages/ff/6b/a1548ac378a78332a4c3dcf4a134c2475a36d2a22ddfa272acd574140b50/ruff-0.15.9-py3-none-manylinux_2_17_x86_64.manylinux2014_x86_64.whl", hash = "sha256:2b0c7c341f68adb01c488c3b7d4b49aa8ea97409eae6462d860a79cf55f431b6", size = 11254525, upload-time = "2026-04-02T18:17:02.041Z" },
    { url = "https://files.pythonhosted.org/packages/42/aa/4bb3af8e61acd9b1281db2ab77e8b2c3c5e5599bf2a29d4a942f1c62b8d6/ruff-0.15.9-py3-none-manylinux_2_31_riscv64.whl", hash = "sha256:55cc15eee27dc0eebdfcb0d185a6153420efbedc15eb1d38fe5e685657b0f840", size = 11204072, upload-time = "2026-04-02T18:17:13.581Z" },
    { url = "https://files.pythonhosted.org/packages/69/48/d550dc2aa6e423ea0bcc1d0ff0699325ffe8a811e2dba156bd80750b86dc/ruff-0.15.9-py3-none-musllinux_1_2_aarch64.whl", hash = "sha256:a6537f6eed5cda688c81073d46ffdfb962a5f29ecb6f7e770b2dc920598997ed", size = 10594998, upload-time = "2026-04-02T18:16:46.369Z" },
    { url = "https://files.pythonhosted.org/packages/63/47/321167e17f5344ed5ec6b0aa2cff64efef5f9e985af8f5622cfa6536043f/ruff-0.15.9-py3-none-musllinux_1_2_armv7l.whl", hash = "sha256:6d3fcbca7388b066139c523bda744c822258ebdcfbba7d24410c3f454cc9af71", size = 10359769, upload-time = "2026-04-02T18:17:10.994Z" },
    { url = "https://files.pythonhosted.org/packages/67/5e/074f00b9785d1d2c6f8c22a21e023d0c2c1817838cfca4c8243200a1fa87/ruff-0.15.9-py3-none-musllinux_1_2_i686.whl", hash = "sha256:058d8e99e1bfe79d8a0def0b481c56059ee6716214f7e425d8e737e412d69677", size = 10850236, upload-time = "2026-04-02T18:16:48.749Z" },
    { url = "https://files.pythonhosted.org/packages/76/37/804c4135a2a2caf042925d30d5f68181bdbd4461fd0d7739da28305df593/ruff-0.15.9-py3-none-musllinux_1_2_x86_64.whl", hash = "sha256:8e1ddb11dbd61d5983fa2d7d6370ef3eb210951e443cace19594c01c72abab4c", size = 11358343, upload-time = "2026-04-02T18:16:55.068Z" },
    { url = "https://files.pythonhosted.org/packages/88/3d/1364fcde8656962782aa9ea93c92d98682b1ecec2f184e625a965ad3b4a6/ruff-0.15.9-py3-none-win32.whl", hash = "sha256:bde6ff36eaf72b700f32b7196088970bf8fdb2b917b7accd8c371bfc0fd573ec", size = 10583382, upload-time = "2026-04-02T18:17:04.261Z" },
    { url = "https://files.pythonhosted.org/packages/4c/56/5c7084299bd2cacaa07ae63a91c6f4ba66edc08bf28f356b24f6b717c799/ruff-0.15.9-py3-none-win_amd64.whl", hash = "sha256:45a70921b80e1c10cf0b734ef09421f71b5aa11d27404edc89d7e8a69505e43d", size = 11744969, upload-time = "2026-04-02T18:16:59.611Z" },
    { url = "https://files.pythonhosted.org/packages/03/36/76704c4f312257d6dbaae3c959add2a622f63fcca9d864659ce6d8d97d3d/ruff-0.15.9-py3-none-win_arm64.whl", hash = "sha256:0694e601c028fd97dc5c6ee244675bc241aeefced7ef80cd9c6935a871078f53", size = 11005870, upload-time = "2026-04-02T18:17:15.773Z" },
]

[[package]]
name = "six"
version = "1.17.0"
source = { registry = "https://pypi.org/simple" }
sdist = { url = "https://files.pythonhosted.org/packages/94/e7/b2c673351809dca68a0e064b6af791aa332cf192da575fd474ed7d6f16a2/six-1.17.0.tar.gz", hash = "sha256:ff70335d468e7eb6ec65b95b99d3a2836546063f63acc5171de367e834932a81", size = 34031, upload-time = "2024-12-04T17:35:28.174Z" }
wheels = [
    { url = "https://files.pythonhosted.org/packages/b7/ce/149a00dd41f10bc29e5921b496af8b574d8413afcd5e30dfa0ed46c2cc5e/six-1.17.0-py2.py3-none-any.whl", hash = "sha256:4721f391ed90541fddacab5acf947aa0d3dc7d27b2e1e8eda2be8970586c3274", size = 11050, upload-time = "2024-12-04T17:35:26.475Z" },
]

[[package]]
name = "smmap"
version = "5.0.3"
source = { registry = "https://pypi.org/simple" }
sdist = { url = "https://files.pythonhosted.org/packages/1f/ea/49c993d6dfdd7338c9b1000a0f36817ed7ec84577ae2e52f890d1a4ff909/smmap-5.0.3.tar.gz", hash = "sha256:4d9debb8b99007ae47165abc08670bd74cb74b5227dda7f643eccc4e9eb5642c", size = 22506, upload-time = "2026-03-09T03:43:26.1Z" }
wheels = [
    { url = "https://files.pythonhosted.org/packages/c1/d4/59e74daffcb57a07668852eeeb6035af9f32cbfd7a1d2511f17d2fe6a738/smmap-5.0.3-py3-none-any.whl", hash = "sha256:c106e05d5a61449cf6ba9a1e650227ecfb141590d2a98412103ff35d89fc7b2f", size = 24390, upload-time = "2026-03-09T03:43:24.361Z" },
]

[[package]]
name = "tqdm"
version = "4.67.3"
source = { registry = "https://pypi.org/simple" }
dependencies = [
    { name = "colorama", marker = "sys_platform == 'win32'" },
]
sdist = { url = "https://files.pythonhosted.org/packages/09/a9/6ba95a270c6f1fbcd8dac228323f2777d886cb206987444e4bce66338dd4/tqdm-4.67.3.tar.gz", hash = "sha256:7d825f03f89244ef73f1d4ce193cb1774a8179fd96f31d7e1dcde62092b960bb", size = 169598, upload-time = "2026-02-03T17:35:53.048Z" }
wheels = [
    { url = "https://files.pythonhosted.org/packages/16/e1/3079a9ff9b8e11b846c6ac5c8b5bfb7ff225eee721825310c91b3b50304f/tqdm-4.67.3-py3-none-any.whl", hash = "sha256:ee1e4c0e59148062281c49d80b25b67771a127c85fc9676d3be5f243206826bf", size = 78374, upload-time = "2026-02-03T17:35:50.982Z" },
]

[[package]]
name = "web-evanchen-cc"
version = "1.0.0"
source = { virtual = "." }
dependencies = [
    { name = "gitpython" },
    { name = "jinja2" },
    { name = "markdown" },
    { name = "mdx-truly-sane-lists" },
]

[package.dev-dependencies]
dev = [
    { name = "codespell" },
    { name = "djlint" },
    { name = "prek" },
    { name = "ruff" },
]

[package.metadata]
requires-dist = [
    { name = "gitpython", specifier = ">=3.1.46" },
    { name = "jinja2", specifier = ">=3.1.6" },
    { name = "markdown", specifier = ">=3.10.2" },
    { name = "mdx-truly-sane-lists", specifier = ">=1.3" },
]

[package.metadata.requires-dev]
dev = [
    { name = "codespell", specifier = ">=2.4.2" },
    { name = "djlint", specifier = ">=1.36.4" },
    { name = "prek", specifier = ">=0.3.6" },
    { name = "ruff", specifier = ">=0.15.7" },
]
