version = 1
revision = 3
requires-python = ">=3.14"

[[package]]
name = "click"
version = "8.4.0"
source = { registry = "https://pypi.org/simple" }
dependencies = [
    { name = "colorama", marker = "sys_platform == 'win32'" },
]
sdist = { url = "https://files.pythonhosted.org/packages/23/e4/796662cd90cf80e3a363c99db2b88e0e394b988a575f60a17e16440cd011/click-8.4.0.tar.gz", hash = "sha256:638f1338fe1235c8f4e008e4a8a254fb5c5fbdcbb40ece3c9142ebb78e792973", size = 350843, upload-time = "2026-05-17T00:47:58.425Z" }
wheels = [
    { url = "https://files.pythonhosted.org/packages/ee/ae/8e92f8058baf87f6c7d86ee7e457668690195cc77efedb8d3797a06e3940/click-8.4.0-py3-none-any.whl", hash = "sha256:40c50b7c6c6adac2823d411041ec84f3f103f1b280d5e9ce0d7f998995832f81", size = 116147, upload-time = "2026-05-17T00:47:56.842Z" },
]

[[package]]
name = "codespell"
version = "2.4.2"
source = { registry = "https://pypi.org/simple" }
sdist = { url = "https://files.pythonhosted.org/packages/2d/9d/1d0903dff693160f893ca6abcabad545088e7a2ee0a6deae7c24e958be69/codespell-2.4.2.tar.gz", hash = "sha256:3c33be9ae34543807f088aeb4832dfad8cb2dae38da61cac0a7045dd376cfdf3", size = 352058, upload-time = "2026-03-05T18:10:42.936Z" }
wheels = [
    { url = "https://files.pythonhosted.org/packages/42/a1/52fa05533e95fe45bcc09bcf8a503874b1c08f221a4e35608017e0938f55/codespell-2.4.2-py3-none-any.whl", hash = "sha256:97e0c1060cf46bd1d5db89a936c98db8c2b804e1fdd4b5c645e82a1ec6b1f886", size = 353715, upload-time = "2026-03-05T18:10:41.398Z" },
]

[[package]]
name = "colorama"
version = "0.4.6"
source = { registry = "https://pypi.org/simple" }
sdist = { url = "https://files.pythonhosted.org/packages/d8/53/6f443c9a4a8358a93a6792e2acffb9d9d5cb0a5cfd8802644b7b1c9a02e4/colorama-0.4.6.tar.gz", hash = "sha256:08695f5cb7ed6e0531a20572697297273c47b8cae5a63ffc6d6ed5c201be6e44", size = 27697, upload-time = "2022-10-25T02:36:22.414Z" }
wheels = [
    { url = "https://files.pythonhosted.org/packages/d1/d6/3965ed04c63042e047cb6a3e6ed1a63a35087b6a609aa3a15ed8ac56c221/colorama-0.4.6-py2.py3-none-any.whl", hash = "sha256:4f1d9991f5acc0ca119f9d443620b77f9d6b33703e51011c16baf57afb285fc6", size = 25335, upload-time = "2022-10-25T02:36:20.889Z" },
]

[[package]]
name = "cssbeautifier"
version = "1.15.4"
source = { registry = "https://pypi.org/simple" }
dependencies = [
    { name = "editorconfig" },
    { name = "jsbeautifier" },
    { name = "six" },
]
sdist = { url = "https://files.pythonhosted.org/packages/f7/01/fdf41c1e5f93d359681976ba10410a04b299d248e28ecce1d4e88588dde4/cssbeautifier-1.15.4.tar.gz", hash = "sha256:9bb08dc3f64c101a01677f128acf01905914cf406baf87434dcde05b74c0acf5", size = 25376, upload-time = "2025-02-27T17:53:51.341Z" }
wheels = [
    { url = "https://files.pythonhosted.org/packages/63/51/ef6c5628e46092f0a54c7cee69acc827adc6b6aab57b55d344fefbdf28f1/cssbeautifier-1.15.4-py3-none-any.whl", hash = "sha256:78c84d5e5378df7d08622bbd0477a1abdbd209680e95480bf22f12d5701efc98", size = 123667, upload-time = "2025-02-27T17:53:43.594Z" },
]

[[package]]
name = "djlint"
version = "1.36.4"
source = { registry = "https://pypi.org/simple" }
dependencies = [
    { name = "click" },
    { name = "colorama" },
    { name = "cssbeautifier" },
    { name = "jsbeautifier" },
    { name = "json5" },
    { name = "pathspec" },
    { name = "pyyaml" },
    { name = "regex" },
    { name = "tqdm" },
]
sdist = { url = "https://files.pythonhosted.org/packages/74/89/ecf5be9f5c59a0c53bcaa29671742c5e269cc7d0e2622e3f65f41df251bf/djlint-1.36.4.tar.gz", hash = "sha256:17254f218b46fe5a714b224c85074c099bcb74e3b2e1f15c2ddc2cf415a408a1", size = 47849, upload-time = "2024-12-24T13:06:36.36Z" }
wheels = [
    { url = "https://files.pythonhosted.org/packages/4b/67/f7aeea9be6fb3bd984487af8d0d80225a0b1e5f6f7126e3332d349fb13fe/djlint-1.36.4-py3-none-any.whl", hash = "sha256:e9699b8ac3057a6ed04fb90835b89bee954ed1959c01541ce4f8f729c938afdd", size = 52290, upload-time = "2024-12-24T13:06:33.76Z" },
]

[[package]]
name = "editorconfig"
version = "0.17.1"
source = { registry = "https://pypi.org/simple" }
sdist = { url = "https://files.pythonhosted.org/packages/88/3a/a61d9a1f319a186b05d14df17daea42fcddea63c213bcd61a929fb3a6796/editorconfig-0.17.1.tar.gz", hash = "sha256:23c08b00e8e08cc3adcddb825251c497478df1dada6aefeb01e626ad37303745", size = 14695, upload-time = "2025-06-09T08:21:37.097Z" }
wheels = [
    { url = "https://files.pythonhosted.org/packages/96/fd/a40c621ff207f3ce8e484aa0fc8ba4eb6e3ecf52e15b42ba764b457a9550/editorconfig-0.17.1-py3-none-any.whl", hash = "sha256:1eda9c2c0db8c16dbd50111b710572a5e6de934e39772de1959d41f64fc17c82", size = 16360, upload-time = "2025-06-09T08:21:35.654Z" },
]

[[package]]
name = "gitdb"
version = "4.0.12"
source = { registry = "https://pypi.org/simple" }
dependencies = [
    { name = "smmap" },
]
sdist = { url = "https://files.pythonhosted.org/packages/72/94/63b0fc47eb32792c7ba1fe1b694daec9a63620db1e313033d18140c2320a/gitdb-4.0.12.tar.gz", hash = "sha256:5ef71f855d191a3326fcfbc0d5da835f26b13fbcba60c32c21091c349ffdb571", size = 394684, upload-time = "2025-01-02T07:20:46.413Z" }
wheels = [
    { url = "https://files.pythonhosted.org/packages/a0/61/5c78b91c3143ed5c14207f463aecfc8f9dbb5092fb2869baf37c273b2705/gitdb-4.0.12-py3-none-any.whl", hash = "sha256:67073e15955400952c6565cc3e707c554a4eea2e428946f7a4c162fab9bd9bcf", size = 62794, upload-time = "2025-01-02T07:20:43.624Z" },
]

[[package]]
name = "gitpython"
version = "3.1.50"
source = { registry = "https://pypi.org/simple" }
dependencies = [
    { name = "gitdb" },
]
sdist = { url = "https://files.pythonhosted.org/packages/33/f6/354ae6491228b5eb40e10d89c4d13c651fe1cf7556e35ebdded50cff57ce/gitpython-3.1.50.tar.gz", hash = "sha256:80da2d12504d52e1f998772dc5baf6e553f8d2fcfe1fcc226c9d9a2ee3372dcc", size = 219798, upload-time = "2026-05-06T04:01:26.571Z" }
wheels = [
    { url = "https://files.pythonhosted.org/packages/20/7a/1c6e3562dfd8950adbb11ffbc65d21e7c89d01a6e4f137fa981056de25c5/gitpython-3.1.50-py3-none-any.whl", hash = "sha256:d352abe2908d07355014abdd21ddf798c2a961469239afec4962e9da884858f9", size = 212507, upload-time = "2026-05-06T04:01:23.799Z" },
]

[[package]]
name = "jinja2"
version = "3.1.6"
source = { registry = "https://pypi.org/simple" }
dependencies = [
    { name = "markupsafe" },
]
sdist = { url = "https://files.pythonhosted.org/packages/df/bf/f7da0350254c0ed7c72f3e33cef02e048281fec7ecec5f032d4aac52226b/jinja2-3.1.6.tar.gz", hash = "sha256:0137fb05990d35f1275a587e9aee6d56da821fc83491a0fb838183be43f66d6d", size = 245115, upload-time = "2025-03-05T20:05:02.478Z" }
wheels = [
    { url = "https://files.pythonhosted.org/packages/62/a1/3d680cbfd5f4b8f15abc1d571870c5fc3e594bb582bc3b64ea099db13e56/jinja2-3.1.6-py3-none-any.whl", hash = "sha256:85ece4451f492d0c13c5dd7c13a64681a86afae63a5f347908daf103ce6d2f67", size = 134899, upload-time = "2025-03-05T20:05:00.369Z" },
]

[[package]]
name = "jsbeautifier"
version = "1.15.4"
source = { registry = "https://pypi.org/simple" }
dependencies = [
    { name = "editorconfig" },
    { name = "six" },
]
sdist = { url = "https://files.pythonhosted.org/packages/ea/98/d6cadf4d5a1c03b2136837a435682418c29fdeb66be137128544cecc5b7a/jsbeautifier-1.15.4.tar.gz", hash = "sha256:5bb18d9efb9331d825735fbc5360ee8f1aac5e52780042803943aa7f854f7592", size = 75257, upload-time = "2025-02-27T17:53:53.252Z" }
wheels = [
    { url = "https://files.pythonhosted.org/packages/2d/14/1c65fccf8413d5f5c6e8425f84675169654395098000d8bddc4e9d3390e1/jsbeautifier-1.15.4-py3-none-any.whl", hash = "sha256:72f65de312a3f10900d7685557f84cb61a9733c50dcc27271a39f5b0051bf528", size = 94707, upload-time = "2025-02-27T17:53:46.152Z" },
]

[[package]]
name = "json5"
version = "0.14.0"
source = { registry = "https://pypi.org/simple" }
sdist = { url = "https://files.pythonhosted.org/packages/9c/4b/6f8906aaf67d501e259b0adab4d312945bb7211e8b8d4dcc77c92320edaa/json5-0.14.0.tar.gz", hash = "sha256:b3f492fad9f6cdbced8b7d40b28b9b1c9701c5f561bef0d33b81c2ff433fefcb", size = 52656, upload-time = "2026-03-27T22:50:48.108Z" }
wheels = [
    { url = "https://files.pythonhosted.org/packages/b8/42/cf027b4ac873b076189d935b135397675dac80cb29acb13e1ab86ad6c631/json5-0.14.0-py3-none-any.whl", hash = "sha256:56cf861bab076b1178eb8c92e1311d273a9b9acea2ccc82c276abf839ebaef3a", size = 36271, upload-time = "2026-03-27T22:50:47.073Z" },
]

[[package]]
name = "markdown-it-pyrs"
version = "0.4.0"
source = { registry = "https://pypi.org/simple" }
sdist = { url = "https://files.pythonhosted.org/packages/f6/1b/6f48b6da3594f1d383dcbd6e2eb1f3a39466807d8f6af607b522b2d912ed/markdown_it_pyrs-0.4.0.tar.gz", hash = "sha256:fa98efe22ab78de494ee66bbdae8c20a40ccb4137c835197db2a5ee56797c929", size = 111586, upload-time = "2024-10-22T03:19:08.762Z" }

[[package]]
name = "markupsafe"
version = "3.0.3"
source = { registry = "https://pypi.org/simple" }
sdist = { url = "https://files.pythonhosted.org/packages/7e/99/7690b6d4034fffd95959cbe0c02de8deb3098cc577c67bb6a24fe5d7caa7/markupsafe-3.0.3.tar.gz", hash = "sha256:722695808f4b6457b320fdc131280796bdceb04ab50fe1795cd540799ebe1698", size = 80313, upload-time = "2025-09-27T18:37:40.426Z" }
wheels = [
    { url = "https://files.pythonhosted.org/packages/33/8a/8e42d4838cd89b7dde187011e97fe6c3af66d8c044997d2183fbd6d31352/markupsafe-3.0.3-cp314-cp314-macosx_10_13_x86_64.whl", hash = "sha256:eaa9599de571d72e2daf60164784109f19978b327a3910d3e9de8c97b5b70cfe", size = 11619, upload-time = "2025-09-27T18:37:06.342Z" },
    { url = "https://files.pythonhosted.org/packages/b5/64/7660f8a4a8e53c924d0fa05dc3a55c9cee10bbd82b11c5afb27d44b096ce/markupsafe-3.0.3-cp314-cp314-macosx_11_0_arm64.whl", hash = "sha256:c47a551199eb8eb2121d4f0f15ae0f923d31350ab9280078d1e5f12b249e0026", size = 12029, upload-time = "2025-09-27T18:37:07.213Z" },
    { url = "https://files.pythonhosted.org/packages/da/ef/e648bfd021127bef5fa12e1720ffed0c6cbb8310c8d9bea7266337ff06de/markupsafe-3.0.3-cp314-cp314-manylinux2014_aarch64.manylinux_2_17_aarch64.manylinux_2_28_aarch64.whl", hash = "sha256:f34c41761022dd093b4b6896d4810782ffbabe30f2d443ff5f083e0cbbb8c737", size = 24408, upload-time = "2025-09-27T18:37:09.572Z" },
    { url = "https://files.pythonhosted.org/packages/41/3c/a36c2450754618e62008bf7435ccb0f88053e07592e6028a34776213d877/markupsafe-3.0.3-cp314-cp314-manylinux2014_x86_64.manylinux_2_17_x86_64.manylinux_2_28_x86_64.whl", hash = "sha256:457a69a9577064c05a97c41f4e65148652db078a3a509039e64d3467b9e7ef97", size = 23005, upload-time = "2025-09-27T18:37:10.58Z" },
    { url = "https://files.pythonhosted.org/packages/bc/20/b7fdf89a8456b099837cd1dc21974632a02a999ec9bf7ca3e490aacd98e7/markupsafe-3.0.3-cp314-cp314-manylinux_2_31_riscv64.manylinux_2_39_riscv64.whl", hash = "sha256:e8afc3f2ccfa24215f8cb28dcf43f0113ac3c37c2f0f0806d8c70e4228c5cf4d", size = 22048, upload-time = "2025-09-27T18:37:11.547Z" },
    { url = "https://files.pythonhosted.org/packages/9a/a7/591f592afdc734f47db08a75793a55d7fbcc6902a723ae4cfbab61010cc5/markupsafe-3.0.3-cp314-cp314-musllinux_1_2_aarch64.whl", hash = "sha256:ec15a59cf5af7be74194f7ab02d0f59a62bdcf1a537677ce67a2537c9b87fcda", size = 23821, upload-time = "2025-09-27T18:37:12.48Z" },
    { url = "https://files.pythonhosted.org/packages/7d/33/45b24e4f44195b26521bc6f1a82197118f74df348556594bd2262bda1038/markupsafe-3.0.3-cp314-cp314-musllinux_1_2_riscv64.whl", hash = "sha256:0eb9ff8191e8498cca014656ae6b8d61f39da5f95b488805da4bb029cccbfbaf", size = 21606, upload-time = "2025-09-27T18:37:13.485Z" },
    { url = "https://files.pythonhosted.org/packages/ff/0e/53dfaca23a69fbfbbf17a4b64072090e70717344c52eaaaa9c5ddff1e5f0/markupsafe-3.0.3-cp314-cp314-musllinux_1_2_x86_64.whl", hash = "sha256:2713baf880df847f2bece4230d4d094280f4e67b1e813eec43b4c0e144a34ffe", size = 23043, upload-time = "2025-09-27T18:37:14.408Z" },
    { url = "https://files.pythonhosted.org/packages/46/11/f333a06fc16236d5238bfe74daccbca41459dcd8d1fa952e8fbd5dccfb70/markupsafe-3.0.3-cp314-cp314-win32.whl", hash = "sha256:729586769a26dbceff69f7a7dbbf59ab6572b99d94576a5592625d5b411576b9", size = 14747, upload-time = "2025-09-27T18:37:15.36Z" },
    { url = "https://files.pythonhosted.org/packages/28/52/182836104b33b444e400b14f797212f720cbc9ed6ba34c800639d154e821/markupsafe-3.0.3-cp314-cp314-win_amd64.whl", hash = "sha256:bdc919ead48f234740ad807933cdf545180bfbe9342c2bb451556db2ed958581", size = 15341, upload-time = "2025-09-27T18:37:16.496Z" },
    { url = "https://files.pythonhosted.org/packages/6f/18/acf23e91bd94fd7b3031558b1f013adfa21a8e407a3fdb32745538730382/markupsafe-3.0.3-cp314-cp314-win_arm64.whl", hash = "sha256:5a7d5dc5140555cf21a6fefbdbf8723f06fcd2f63ef108f2854de715e4422cb4", size = 14073, upload-time = "2025-09-27T18:37:17.476Z" },
    { url = "https://files.pythonhosted.org/packages/3c/f0/57689aa4076e1b43b15fdfa646b04653969d50cf30c32a102762be2485da/markupsafe-3.0.3-cp314-cp314t-macosx_10_13_x86_64.whl", hash = "sha256:1353ef0c1b138e1907ae78e2f6c63ff67501122006b0f9abad68fda5f4ffc6ab", size = 11661, upload-time = "2025-09-27T18:37:18.453Z" },
    { url = "https://files.pythonhosted.org/packages/89/c3/2e67a7ca217c6912985ec766c6393b636fb0c2344443ff9d91404dc4c79f/markupsafe-3.0.3-cp314-cp314t-macosx_11_0_arm64.whl", hash = "sha256:1085e7fbddd3be5f89cc898938f42c0b3c711fdcb37d75221de2666af647c175", size = 12069, upload-time = "2025-09-27T18:37:19.332Z" },
    { url = "https://files.pythonhosted.org/packages/f0/00/be561dce4e6ca66b15276e184ce4b8aec61fe83662cce2f7d72bd3249d28/markupsafe-3.0.3-cp314-cp314t-manylinux2014_aarch64.manylinux_2_17_aarch64.manylinux_2_28_aarch64.whl", hash = "sha256:1b52b4fb9df4eb9ae465f8d0c228a00624de2334f216f178a995ccdcf82c4634", size = 25670, upload-time = "2025-09-27T18:37:20.245Z" },
    { url = "https://files.pythonhosted.org/packages/50/09/c419f6f5a92e5fadde27efd190eca90f05e1261b10dbd8cbcb39cd8ea1dc/markupsafe-3.0.3-cp314-cp314t-manylinux2014_x86_64.manylinux_2_17_x86_64.manylinux_2_28_x86_64.whl", hash = "sha256:fed51ac40f757d41b7c48425901843666a6677e3e8eb0abcff09e4ba6e664f50", size = 23598, upload-time = "2025-09-27T18:37:21.177Z" },
    { url = "https://files.pythonhosted.org/packages/22/44/a0681611106e0b2921b3033fc19bc53323e0b50bc70cffdd19f7d679bb66/markupsafe-3.0.3-cp314-cp314t-manylinux_2_31_riscv64.manylinux_2_39_riscv64.whl", hash = "sha256:f190daf01f13c72eac4efd5c430a8de82489d9cff23c364c3ea822545032993e", size = 23261, upload-time = "2025-09-27T18:37:22.167Z" },
    { url = "https://files.pythonhosted.org/packages/5f/57/1b0b3f100259dc9fffe780cfb60d4be71375510e435efec3d116b6436d43/markupsafe-3.0.3-cp314-cp314t-musllinux_1_2_aarch64.whl", hash = "sha256:e56b7d45a839a697b5eb268c82a71bd8c7f6c94d6fd50c3d577fa39a9f1409f5", size = 24835, upload-time = "2025-09-27T18:37:23.296Z" },
    { url = "https://files.pythonhosted.org/packages/26/6a/4bf6d0c97c4920f1597cc14dd720705eca0bf7c787aebc6bb4d1bead5388/markupsafe-3.0.3-cp314-cp314t-musllinux_1_2_riscv64.whl", hash = "sha256:f3e98bb3798ead92273dc0e5fd0f31ade220f59a266ffd8a4f6065e0a3ce0523", size = 22733, upload-time = "2025-09-27T18:37:24.237Z" },
    { url = "https://files.pythonhosted.org/packages/14/c7/ca723101509b518797fedc2fdf79ba57f886b4aca8a7d31857ba3ee8281f/markupsafe-3.0.3-cp314-cp314t-musllinux_1_2_x86_64.whl", hash = "sha256:5678211cb9333a6468fb8d8be0305520aa073f50d17f089b5b4b477ea6e67fdc", size = 23672, upload-time = "2025-09-27T18:37:25.271Z" },
    { url = "https://files.pythonhosted.org/packages/fb/df/5bd7a48c256faecd1d36edc13133e51397e41b73bb77e1a69deab746ebac/markupsafe-3.0.3-cp314-cp314t-win32.whl", hash = "sha256:915c04ba3851909ce68ccc2b8e2cd691618c4dc4c4232fb7982bca3f41fd8c3d", size = 14819, upload-time = "2025-09-27T18:37:26.285Z" },
    { url = "https://files.pythonhosted.org/packages/1a/8a/0402ba61a2f16038b48b39bccca271134be00c5c9f0f623208399333c448/markupsafe-3.0.3-cp314-cp314t-win_amd64.whl", hash = "sha256:4faffd047e07c38848ce017e8725090413cd80cbc23d86e55c587bf979e579c9", size = 15426, upload-time = "2025-09-27T18:37:27.316Z" },
    { url = "https://files.pythonhosted.org/packages/70/bc/6f1c2f612465f5fa89b95bead1f44dcb607670fd42891d8fdcd5d039f4f4/markupsafe-3.0.3-cp314-cp314t-win_arm64.whl", hash = "sha256:32001d6a8fc98c8cb5c947787c5d08b0a50663d139f1305bac5885d98d9b40fa", size = 14146, upload-time = "2025-09-27T18:37:28.327Z" },
]

[[package]]
name = "pathspec"
version = "1.1.1"
source = { registry = "https://pypi.org/simple" }
sdist = { url = "https://files.pythonhosted.org/packages/5a/82/42f767fc1c1143d6fd36efb827202a2d997a375e160a71eb2888a925aac1/pathspec-1.1.1.tar.gz", hash = "sha256:17db5ecd524104a120e173814c90367a96a98d07c45b2e10c2f3919fff91bf5a", size = 135180, upload-time = "2026-04-27T01:46:08.907Z" }
wheels = [
    { url = "https://files.pythonhosted.org/packages/f1/d9/7fb5aa316bc299258e68c73ba3bddbc499654a07f151cba08f6153988714/pathspec-1.1.1-py3-none-any.whl", hash = "sha256:a00ce642f577bf7f473932318056212bc4f8bfdf53128c78bbd5af0b9b20b189", size = 57328, upload-time = "2026-04-27T01:46:07.06Z" },
]

[[package]]
name = "prek"
version = "0.4.1"
source = { registry = "https://pypi.org/simple" }
sdist = { url = "https://files.pythonhosted.org/packages/1c/01/1d2c238c6f226d75881cd7a5532e980f4d524babc3c034d16ad89e88b6e1/prek-0.4.1.tar.gz", hash = "sha256:622a8812bda87cf4ddcae2dab5ccecc55b88d70c677129dbe25e975d923179f0", size = 452606, upload-time = "2026-05-20T04:27:19.259Z" }
wheels = [
    { url = "https://files.pythonhosted.org/packages/d1/ca/0274343faf2672d649b1e648053d3cb48fdfef7a390b43713d95880ebb67/prek-0.4.1-py3-none-linux_armv6l.whl", hash = "sha256:10e7e78ffe65dfba7d687a8c71b2f473554d1ba60f43c742105da4c0030feed9", size = 5515584, upload-time = "2026-05-20T04:27:29.386Z" },
    { url = "https://files.pythonhosted.org/packages/37/4e/6a067f530194a6e4141c36463eece92356dfd7f924ffe0cbf456bdca723b/prek-0.4.1-py3-none-macosx_10_12_x86_64.whl", hash = "sha256:b25807e0aa57d2118747e127b58e7a1bf41d5d7b3323f5f3f1f3cb10031245cc", size = 5878925, upload-time = "2026-05-20T04:27:31.71Z" },
    { url = "https://files.pythonhosted.org/packages/e3/3d/a334c0f5b88fadca888eadfc1fb3d7f1dc8358b1a534d0987339ecb8eb92/prek-0.4.1-py3-none-macosx_11_0_arm64.whl", hash = "sha256:efa95331c4c171a867c0064c19d8a4abc94a1c1c920c8b8092f2d7d87f4b90a8", size = 5440994, upload-time = "2026-05-20T04:27:40.578Z" },
    { url = "https://files.pythonhosted.org/packages/0c/3b/fa6eb635495c3576e65d7f42a48b9fdf4926dd052010df506ed98e9f9680/prek-0.4.1-py3-none-manylinux_2_17_aarch64.manylinux2014_aarch64.musllinux_1_1_aarch64.whl", hash = "sha256:2d1805123ab5d730629de588bf319ea39e7078b589b3288c95740f1b4780a1d4", size = 5692369, upload-time = "2026-05-20T04:27:23.184Z" },
    { url = "https://files.pythonhosted.org/packages/70/cb/9d9078723b3facb40289444332ca82bf38c0e1db3b5a907af461aba12324/prek-0.4.1-py3-none-manylinux_2_17_armv7l.manylinux2014_armv7l.whl", hash = "sha256:051c442b570b53756225410240577bee1aeace6be52955dfacf45a9783223b36", size = 5430031, upload-time = "2026-05-20T04:27:27.475Z" },
    { url = "https://files.pythonhosted.org/packages/ff/96/2d8cc6b5425215cd0b610f1dcef3f6f0f23db2a2b85f1a6fca43b7e7fe24/prek-0.4.1-py3-none-manylinux_2_17_i686.manylinux2014_i686.whl", hash = "sha256:76663998827a2cbc94f5e209319809655489b5bd1f8e70568a623372e80253f0", size = 5834244, upload-time = "2026-05-20T04:27:44.229Z" },
    { url = "https://files.pythonhosted.org/packages/59/e0/cce02f3ade48a6d4bffb25e5f0ac28d10928263b0a4f53ecc72954957f4e/prek-0.4.1-py3-none-manylinux_2_17_s390x.manylinux2014_s390x.whl", hash = "sha256:2ab3460641762edf128b1ec8e833ce7e9ae015d1268a894560cb90d3393a7527", size = 6711903, upload-time = "2026-05-20T04:27:34.128Z" },
    { url = "https://files.pythonhosted.org/packages/c9/2a/ccd581b6222277a2aa095530844d5bb76db4547042f05a9cb649476bf904/prek-0.4.1-py3-none-manylinux_2_17_x86_64.manylinux2014_x86_64.whl", hash = "sha256:6e69a9c02ead38706a5d2a4ae209dccba08ccb5d0026e1d08e723c66ab964750", size = 6084138, upload-time = "2026-05-20T04:27:46.549Z" },
    { url = "https://files.pythonhosted.org/packages/0a/b7/6164a7dc6bb4796cfc19445be798302cc7625b62e2bec89ffb4272d7f983/prek-0.4.1-py3-none-manylinux_2_28_aarch64.whl", hash = "sha256:dc744fedf98df8a00a9e3bcd629b163fee5e9f9e22bce66029d9945241586165", size = 5698950, upload-time = "2026-05-20T04:27:36.165Z" },
    { url = "https://files.pythonhosted.org/packages/96/40/8151d6445a0f41ad60e979db39d8b0c6b074aad919cf5c73233281f0dff1/prek-0.4.1-py3-none-manylinux_2_31_riscv64.whl", hash = "sha256:c0877e82c52359d655fe1072b3a5228639184d1d5f03c6803b6530cd6da1ef20", size = 5538662, upload-time = "2026-05-20T04:27:15.045Z" },
    { url = "https://files.pythonhosted.org/packages/96/d7/1f9892a45bb2dc8a3b4b89eb08f5de1cf745fcd7df9e535463ba4d41cebe/prek-0.4.1-py3-none-musllinux_1_1_armv7l.whl", hash = "sha256:60928d1dad45ff3e491d3083a50643cc213aa2d54f1dbd8d702d7193773c020e", size = 5406581, upload-time = "2026-05-20T04:27:21.101Z" },
    { url = "https://files.pythonhosted.org/packages/9f/b8/94ddac155b502859e4dc7943db99fa7fffecfa3878a2ef11726a8e72fad0/prek-0.4.1-py3-none-musllinux_1_1_i686.whl", hash = "sha256:17ffa9d8dd40791b9b99cafe558c5cc28e78e5be57607b280b15f0dab90264e9", size = 5688880, upload-time = "2026-05-20T04:27:25.27Z" },
    { url = "https://files.pythonhosted.org/packages/d0/fd/e93d3853d1bdc06b281fff2aaf4106e19610fe5187c67c9ff13195f2df59/prek-0.4.1-py3-none-musllinux_1_1_x86_64.whl", hash = "sha256:cdf4503a240369f66321213d9c4bc6f925014b64ff7121de9e9920c9b9838ce2", size = 6203536, upload-time = "2026-05-20T04:27:42.366Z" },
    { url = "https://files.pythonhosted.org/packages/14/c7/760969d6bfc77e3eba04f6c3801c81076e96a908a6c277c142a4b0f31f4e/prek-0.4.1-py3-none-win32.whl", hash = "sha256:7c515492ef3585e6bcd7b83f1bb1cb131038abc88ed2c843de1e4c3ceb865b19", size = 5208995, upload-time = "2026-05-20T04:27:38.331Z" },
    { url = "https://files.pythonhosted.org/packages/89/12/d43daf290a73dbc3e1a3eabb9077e45df661923949bee045de67cbe82524/prek-0.4.1-py3-none-win_amd64.whl", hash = "sha256:8fa707971465d8ad021c907e43691aad7bb98942943e61e294ece5f95d9fbc78", size = 5591734, upload-time = "2026-05-20T04:27:12.744Z" },
    { url = "https://files.pythonhosted.org/packages/ab/36/2ab7647fe1e84bba2baae7f04de241197eed62683fb3085e164de266d111/prek-0.4.1-py3-none-win_arm64.whl", hash = "sha256:5b4a348537924b20e208cbd87ef58e96ec37d691c5bec2969209c40de0ecf72e", size = 5423147, upload-time = "2026-05-20T04:27:17.023Z" },
]

[[package]]
name = "python-frontmatter"
version = "1.2.0"
source = { registry = "https://pypi.org/simple" }
dependencies = [
    { name = "pyyaml" },
]
sdist = { url = "https://files.pythonhosted.org/packages/e9/21/88aefb4f1de6661b5a003175e21e4a5ad94f5e52b2abf4170a11883c7d81/python_frontmatter-1.2.0.tar.gz", hash = "sha256:5b26ccd3cb85af77feb11d83b922c7bb5aeccb0c9d3fb236b938c600b6322984", size = 16890, upload-time = "2026-05-17T23:42:05.493Z" }
wheels = [
    { url = "https://files.pythonhosted.org/packages/1c/b1/ec12e3e746234006b77dec69d53878253b1da09dbb55fa3cb456083d9069/python_frontmatter-1.2.0-py3-none-any.whl", hash = "sha256:e1ee1d4300450a2f84e778eb4f70edf573da6cd7d463801066f05edc4e819c78", size = 10396, upload-time = "2026-05-17T23:42:04.637Z" },
]

[[package]]
name = "pyyaml"
version = "6.0.3"
source = { registry = "https://pypi.org/simple" }
sdist = { url = "https://files.pythonhosted.org/packages/05/8e/961c0007c59b8dd7729d542c61a4d537767a59645b82a0b521206e1e25c2/pyyaml-6.0.3.tar.gz", hash = "sha256:d76623373421df22fb4cf8817020cbb7ef15c725b9d5e45f17e189bfc384190f", size = 130960, upload-time = "2025-09-25T21:33:16.546Z" }
wheels = [
    { url = "https://files.pythonhosted.org/packages/9d/8c/f4bd7f6465179953d3ac9bc44ac1a8a3e6122cf8ada906b4f96c60172d43/pyyaml-6.0.3-cp314-cp314-macosx_10_13_x86_64.whl", hash = "sha256:8d1fab6bb153a416f9aeb4b8763bc0f22a5586065f86f7664fc23339fc1c1fac", size = 181814, upload-time = "2025-09-25T21:32:35.712Z" },
    { url = "https://files.pythonhosted.org/packages/bd/9c/4d95bb87eb2063d20db7b60faa3840c1b18025517ae857371c4dd55a6b3a/pyyaml-6.0.3-cp314-cp314-macosx_11_0_arm64.whl", hash = "sha256:34d5fcd24b8445fadc33f9cf348c1047101756fd760b4dacb5c3e99755703310", size = 173809, upload-time = "2025-09-25T21:32:36.789Z" },
    { url = "https://files.pythonhosted.org/packages/92/b5/47e807c2623074914e29dabd16cbbdd4bf5e9b2db9f8090fa64411fc5382/pyyaml-6.0.3-cp314-cp314-manylinux2014_aarch64.manylinux_2_17_aarch64.manylinux_2_28_aarch64.whl", hash = "sha256:501a031947e3a9025ed4405a168e6ef5ae3126c59f90ce0cd6f2bfc477be31b7", size = 766454, upload-time = "2025-09-25T21:32:37.966Z" },
    { url = "https://files.pythonhosted.org/packages/02/9e/e5e9b168be58564121efb3de6859c452fccde0ab093d8438905899a3a483/pyyaml-6.0.3-cp314-cp314-manylinux2014_s390x.manylinux_2_17_s390x.manylinux_2_28_s390x.whl", hash = "sha256:b3bc83488de33889877a0f2543ade9f70c67d66d9ebb4ac959502e12de895788", size = 836355, upload-time = "2025-09-25T21:32:39.178Z" },
    { url = "https://files.pythonhosted.org/packages/88/f9/16491d7ed2a919954993e48aa941b200f38040928474c9e85ea9e64222c3/pyyaml-6.0.3-cp314-cp314-manylinux2014_x86_64.manylinux_2_17_x86_64.manylinux_2_28_x86_64.whl", hash = "sha256:c458b6d084f9b935061bc36216e8a69a7e293a2f1e68bf956dcd9e6cbcd143f5", size = 794175, upload-time = "2025-09-25T21:32:40.865Z" },
    { url = "https://files.pythonhosted.org/packages/dd/3f/5989debef34dc6397317802b527dbbafb2b4760878a53d4166579111411e/pyyaml-6.0.3-cp314-cp314-musllinux_1_2_aarch64.whl", hash = "sha256:7c6610def4f163542a622a73fb39f534f8c101d690126992300bf3207eab9764", size = 755228, upload-time = "2025-09-25T21:32:42.084Z" },
    { url = "https://files.pythonhosted.org/packages/d7/ce/af88a49043cd2e265be63d083fc75b27b6ed062f5f9fd6cdc223ad62f03e/pyyaml-6.0.3-cp314-cp314-musllinux_1_2_x86_64.whl", hash = "sha256:5190d403f121660ce8d1d2c1bb2ef1bd05b5f68533fc5c2ea899bd15f4399b35", size = 789194, upload-time = "2025-09-25T21:32:43.362Z" },
    { url = "https://files.pythonhosted.org/packages/23/20/bb6982b26a40bb43951265ba29d4c246ef0ff59c9fdcdf0ed04e0687de4d/pyyaml-6.0.3-cp314-cp314-win_amd64.whl", hash = "sha256:4a2e8cebe2ff6ab7d1050ecd59c25d4c8bd7e6f400f5f82b96557ac0abafd0ac", size = 156429, upload-time = "2025-09-25T21:32:57.844Z" },
    { url = "https://files.pythonhosted.org/packages/f4/f4/a4541072bb9422c8a883ab55255f918fa378ecf083f5b85e87fc2b4eda1b/pyyaml-6.0.3-cp314-cp314-win_arm64.whl", hash = "sha256:93dda82c9c22deb0a405ea4dc5f2d0cda384168e466364dec6255b293923b2f3", size = 143912, upload-time = "2025-09-25T21:32:59.247Z" },
    { url = "https://files.pythonhosted.org/packages/7c/f9/07dd09ae774e4616edf6cda684ee78f97777bdd15847253637a6f052a62f/pyyaml-6.0.3-cp314-cp314t-macosx_10_13_x86_64.whl", hash = "sha256:02893d100e99e03eda1c8fd5c441d8c60103fd175728e23e431db1b589cf5ab3", size = 189108, upload-time = "2025-09-25T21:32:44.377Z" },
    { url = "https://files.pythonhosted.org/packages/4e/78/8d08c9fb7ce09ad8c38ad533c1191cf27f7ae1effe5bb9400a46d9437fcf/pyyaml-6.0.3-cp314-cp314t-macosx_11_0_arm64.whl", hash = "sha256:c1ff362665ae507275af2853520967820d9124984e0f7466736aea23d8611fba", size = 183641, upload-time = "2025-09-25T21:32:45.407Z" },
    { url = "https://files.pythonhosted.org/packages/7b/5b/3babb19104a46945cf816d047db2788bcaf8c94527a805610b0289a01c6b/pyyaml-6.0.3-cp314-cp314t-manylinux2014_aarch64.manylinux_2_17_aarch64.manylinux_2_28_aarch64.whl", hash = "sha256:6adc77889b628398debc7b65c073bcb99c4a0237b248cacaf3fe8a557563ef6c", size = 831901, upload-time = "2025-09-25T21:32:48.83Z" },
    { url = "https://files.pythonhosted.org/packages/8b/cc/dff0684d8dc44da4d22a13f35f073d558c268780ce3c6ba1b87055bb0b87/pyyaml-6.0.3-cp314-cp314t-manylinux2014_s390x.manylinux_2_17_s390x.manylinux_2_28_s390x.whl", hash = "sha256:a80cb027f6b349846a3bf6d73b5e95e782175e52f22108cfa17876aaeff93702", size = 861132, upload-time = "2025-09-25T21:32:50.149Z" },
    { url = "https://files.pythonhosted.org/packages/b1/5e/f77dc6b9036943e285ba76b49e118d9ea929885becb0a29ba8a7c75e29fe/pyyaml-6.0.3-cp314-cp314t-manylinux2014_x86_64.manylinux_2_17_x86_64.manylinux_2_28_x86_64.whl", hash = "sha256:00c4bdeba853cc34e7dd471f16b4114f4162dc03e6b7afcc2128711f0eca823c", size = 839261, upload-time = "2025-09-25T21:32:51.808Z" },
    { url = "https://files.pythonhosted.org/packages/ce/88/a9db1376aa2a228197c58b37302f284b5617f56a5d959fd1763fb1675ce6/pyyaml-6.0.3-cp314-cp314t-musllinux_1_2_aarch64.whl", hash = "sha256:66e1674c3ef6f541c35191caae2d429b967b99e02040f5ba928632d9a7f0f065", size = 805272, upload-time = "2025-09-25T21:32:52.941Z" },
    { url = "https://files.pythonhosted.org/packages/da/92/1446574745d74df0c92e6aa4a7b0b3130706a4142b2d1a5869f2eaa423c6/pyyaml-6.0.3-cp314-cp314t-musllinux_1_2_x86_64.whl", hash = "sha256:16249ee61e95f858e83976573de0f5b2893b3677ba71c9dd36b9cf8be9ac6d65", size = 829923, upload-time = "2025-09-25T21:32:54.537Z" },
    { url = "https://files.pythonhosted.org/packages/f0/7a/1c7270340330e575b92f397352af856a8c06f230aa3e76f86b39d01b416a/pyyaml-6.0.3-cp314-cp314t-win_amd64.whl", hash = "sha256:4ad1906908f2f5ae4e5a8ddfce73c320c2a1429ec52eafd27138b7f1cbe341c9", size = 174062, upload-time = "2025-09-25T21:32:55.767Z" },
    { url = "https://files.pythonhosted.org/packages/f1/12/de94a39c2ef588c7e6455cfbe7343d3b2dc9d6b6b2f40c4c6565744c873d/pyyaml-6.0.3-cp314-cp314t-win_arm64.whl", hash = "sha256:ebc55a14a21cb14062aa4162f906cd962b28e2e9ea38f9b4391244cd8de4ae0b", size = 149341, upload-time = "2025-09-25T21:32:56.828Z" },
]

[[package]]
name = "regex"
version = "2026.5.9"
source = { registry = "https://pypi.org/simple" }
sdist = { url = "https://files.pythonhosted.org/packages/dc/0e/49aee608ad09480e7fd276898c99ec6192985fa331abe4eb3a986094490b/regex-2026.5.9.tar.gz", hash = "sha256:a8234aa23ec39894bfe4a3f1b85616a7032481964a13ac6fc9f10de4f6fca270", size = 416074, upload-time = "2026-05-09T23:15:19.37Z" }
wheels = [
    { url = "https://files.pythonhosted.org/packages/13/3e/9c3cd292d8808b3645a2ce517e200179b6d0e903f176300bd8b542e14de5/regex-2026.5.9-cp314-cp314-macosx_10_13_universal2.whl", hash = "sha256:1bd7587a2948b4085195d5a3374eaf4a425dc3e55784c038175355ecf3bbbf8a", size = 490376, upload-time = "2026-05-09T23:14:09.64Z" },
    { url = "https://files.pythonhosted.org/packages/60/70/d43ee8a2ca0a8b68d167f21658b85520ac0574617c7f320367c5047f7556/regex-2026.5.9-cp314-cp314-macosx_10_13_x86_64.whl", hash = "sha256:dea2e88e1cce4522496cce630e11e67b98b7076620bc4336c3f674bc21a375f4", size = 291964, upload-time = "2026-05-09T23:14:11.424Z" },
    { url = "https://files.pythonhosted.org/packages/21/91/9d50b433828d8e74196904e168a43abf1e6e88b2a15d47ed742456720c37/regex-2026.5.9-cp314-cp314-macosx_11_0_arm64.whl", hash = "sha256:2099f7e7ff7b6aa3192312650a56e91cc091e49d50b04e4f6f8b6e28b3b27f1c", size = 289682, upload-time = "2026-05-09T23:14:13.123Z" },
    { url = "https://files.pythonhosted.org/packages/3e/d2/b835e3cafbb9d977736912436259ff551d60919f7d7b3d37d46659c63564/regex-2026.5.9-cp314-cp314-manylinux2014_aarch64.manylinux_2_17_aarch64.manylinux_2_28_aarch64.whl", hash = "sha256:ecd353045824e4477562a2ac718c25799cdaaa41f7aa925a806a8a3e6848a5b9", size = 796996, upload-time = "2026-05-09T23:14:14.923Z" },
    { url = "https://files.pythonhosted.org/packages/2c/a6/9f992d00019166b9de01c546dd4549bc679f2a68df11b877740b0760b7c2/regex-2026.5.9-cp314-cp314-manylinux2014_ppc64le.manylinux_2_17_ppc64le.manylinux_2_28_ppc64le.whl", hash = "sha256:65c8c8c37377794bd5b2f3ebe51919042bf17aec802e23c833d89782ed0c78af", size = 866089, upload-time = "2026-05-09T23:14:17.757Z" },
    { url = "https://files.pythonhosted.org/packages/e0/08/4d32af657e049b19cb62b02e46e38fe1518797bfb2203ee93a510b21b0dc/regex-2026.5.9-cp314-cp314-manylinux2014_s390x.manylinux_2_17_s390x.manylinux_2_28_s390x.whl", hash = "sha256:5b73ab8afcf66c622db143d1c6fda4e58e4d537ee4f125229ad47b1ab80f34c0", size = 911530, upload-time = "2026-05-09T23:14:20.353Z" },
    { url = "https://files.pythonhosted.org/packages/d9/27/2af43dd1dc201d1fecefda64a45f4ad0995855b92724f795a777b402ee69/regex-2026.5.9-cp314-cp314-manylinux2014_x86_64.manylinux_2_17_x86_64.manylinux_2_28_x86_64.whl", hash = "sha256:0de5cf193997384ed2ca6f1cd4f78055b255d93d82d5a8cd6ba0d11c10b167e4", size = 800643, upload-time = "2026-05-09T23:14:22.265Z" },
    { url = "https://files.pythonhosted.org/packages/a4/dd/23a249047013b5321d4a60c4d2437462086f601b061776a525e5fba2a59f/regex-2026.5.9-cp314-cp314-manylinux_2_31_riscv64.manylinux_2_39_riscv64.whl", hash = "sha256:d641a8c9a61618047796d572a39a79b26167b0411d2c3031937b2fe2d081e2cf", size = 777223, upload-time = "2026-05-09T23:14:24.179Z" },
    { url = "https://files.pythonhosted.org/packages/94/6a/e85ed9538cd19586d0465076a4578a12e093ce776d15f3f8ce92733a8dd6/regex-2026.5.9-cp314-cp314-musllinux_1_2_aarch64.whl", hash = "sha256:24b2355ef5cc9aa5b8f07d17704face1c166fdcc2290fa7bd6e6c925655a8346", size = 785760, upload-time = "2026-05-09T23:14:26.065Z" },
    { url = "https://files.pythonhosted.org/packages/2a/c4/f25473209438638e947c55f9156fd8f236f74169229028cc99116380868e/regex-2026.5.9-cp314-cp314-musllinux_1_2_ppc64le.whl", hash = "sha256:a24852d3c29ad9e47593593d8a247c44ccc3d0548ef12c822d6ed0810affe676", size = 860891, upload-time = "2026-05-09T23:14:28.17Z" },
    { url = "https://files.pythonhosted.org/packages/f9/f7/f4f86e3c74419c37370e91f150ae0c2ef7d34b2e0e4cdd5da046a02e4022/regex-2026.5.9-cp314-cp314-musllinux_1_2_riscv64.whl", hash = "sha256:916714069da19329ef7de197dcbc77bb3104145c7c2c864dbfbe318f46b88b14", size = 765891, upload-time = "2026-05-09T23:14:30.06Z" },
    { url = "https://files.pythonhosted.org/packages/26/70/704d8e13765939146b1cd0ef4e2feb71d7929727d2290f026eed10095955/regex-2026.5.9-cp314-cp314-musllinux_1_2_s390x.whl", hash = "sha256:fa411799ca8da32a8d38d020a88faa5b6f91657d284761352940ecf9f7c3bbdd", size = 851380, upload-time = "2026-05-09T23:14:32.123Z" },
    { url = "https://files.pythonhosted.org/packages/26/29/1a13582a8460038edc38e49f64ceb0dd7c60f5caba77571f4bf6601965d9/regex-2026.5.9-cp314-cp314-musllinux_1_2_x86_64.whl", hash = "sha256:1e6da47d679b7010ef27556b6e0f99771b744936db1792a10ceac6547ae1503e", size = 789350, upload-time = "2026-05-09T23:14:34.799Z" },
    { url = "https://files.pythonhosted.org/packages/73/56/3dcafe34fc72e271d62ad9a291801e88a1457bb251c132f15fcc2e5aad1a/regex-2026.5.9-cp314-cp314-win32.whl", hash = "sha256:98bd73080e8756255137e1bd3f3f00295bbc5aa383c0e0f973920e9134d7c4ad", size = 272130, upload-time = "2026-05-09T23:14:36.729Z" },
    { url = "https://files.pythonhosted.org/packages/d0/9c/02eebf0be95efe416c664db7fb8b6b05b7a0b06a7544f2884f2558b0526f/regex-2026.5.9-cp314-cp314-win_amd64.whl", hash = "sha256:ff8d372ac2acdc048d1c19916f27ee61bc5722728458ba6ca5052f2c72d51763", size = 280999, upload-time = "2026-05-09T23:14:39.126Z" },
    { url = "https://files.pythonhosted.org/packages/70/5a/1dd1abee76cb7a846a0bcf42fdc87e5720c3c33c24f3e37814310a513d9f/regex-2026.5.9-cp314-cp314-win_arm64.whl", hash = "sha256:e1d93bf647916292e8edcec150c07ddf3dc50179ccaf770c04a7f9e452155372", size = 273500, upload-time = "2026-05-09T23:14:41.059Z" },
    { url = "https://files.pythonhosted.org/packages/86/c1/c5f619b0057a7965cb78ec559c1d7a45ce8c99a35bea95483d64959a93d9/regex-2026.5.9-cp314-cp314t-macosx_10_13_universal2.whl", hash = "sha256:83d0ee4a57d1c87cb549e195ec300b8f0ec3a82eba66d835e4e2ed8634fe4499", size = 494269, upload-time = "2026-05-09T23:14:42.869Z" },
    { url = "https://files.pythonhosted.org/packages/05/2c/5d01f1aee33de4bbe60c8452945bfc8477ca7c5ae4450f6bfe711036cb36/regex-2026.5.9-cp314-cp314t-macosx_10_13_x86_64.whl", hash = "sha256:d3d7eb5c9a7f6df82ed3cfac9beb93882a5cbcb5b8b157b56cb2b3b276574ac1", size = 293954, upload-time = "2026-05-09T23:14:44.822Z" },
    { url = "https://files.pythonhosted.org/packages/7a/fe/e8988b2ae2108c6ef71bd4aa8d87fbe257976dd0810e826cd75f701c68b6/regex-2026.5.9-cp314-cp314t-macosx_11_0_arm64.whl", hash = "sha256:075160bf16658e16d35233300b8453aac25de4cbea808d22348b6979668e924d", size = 292405, upload-time = "2026-05-09T23:14:47.211Z" },
    { url = "https://files.pythonhosted.org/packages/79/34/d2b0937faa7859263f7f0a3c6b103a1296306be6952dc173d0154e9a2f49/regex-2026.5.9-cp314-cp314t-manylinux2014_aarch64.manylinux_2_17_aarch64.manylinux_2_28_aarch64.whl", hash = "sha256:45375819235558a4ff1c4971dc32881f022613abdb180128f5cb4768c1765a1c", size = 811855, upload-time = "2026-05-09T23:14:49.21Z" },
    { url = "https://files.pythonhosted.org/packages/80/fe/daf53a47457a8486db66c66c01ceb9c2303eecee3f87197f1e77eb1a736d/regex-2026.5.9-cp314-cp314t-manylinux2014_ppc64le.manylinux_2_17_ppc64le.manylinux_2_28_ppc64le.whl", hash = "sha256:ead4b163ac30a29574510cd4b3e2e985ac5290c05fc7095557d6a5f403fc31b5", size = 871189, upload-time = "2026-05-09T23:14:51.555Z" },
    { url = "https://files.pythonhosted.org/packages/1c/75/058fc4470cbfbf57d800aff1a0022b929a3f9fa553ee10a0cdf2070eb31f/regex-2026.5.9-cp314-cp314t-manylinux2014_s390x.manylinux_2_17_s390x.manylinux_2_28_s390x.whl", hash = "sha256:8c6e4218fbdfbcd4f6c19efca40930d24a621bf4b48cb76bc6640543bd28ef20", size = 917485, upload-time = "2026-05-09T23:14:53.633Z" },
    { url = "https://files.pythonhosted.org/packages/88/e7/179cfda3a28bc843b5c6cfe7f79f23489c791ed95f151083803660878432/regex-2026.5.9-cp314-cp314t-manylinux2014_x86_64.manylinux_2_17_x86_64.manylinux_2_28_x86_64.whl", hash = "sha256:6351571c8a42b505eb555c0dc47d740d0fb66977dc142919eea6f4325b7c56a0", size = 816369, upload-time = "2026-05-09T23:14:56.198Z" },
    { url = "https://files.pythonhosted.org/packages/41/90/6f0cc422071688266d344fca8462d787cba0a2c144acb25721f9a61ec265/regex-2026.5.9-cp314-cp314t-manylinux_2_31_riscv64.manylinux_2_39_riscv64.whl", hash = "sha256:002205cafd2a9e78c6290c7d1df277bf3277b3b7a30e0b4bb0dac2e2e3f7cb2d", size = 785869, upload-time = "2026-05-09T23:14:58.602Z" },
    { url = "https://files.pythonhosted.org/packages/02/67/a31f1760f09c27b251ef39e9beb541f462cf977381d067faa764c2c0e393/regex-2026.5.9-cp314-cp314t-musllinux_1_2_aarch64.whl", hash = "sha256:8abd33fef90b2a9efac5557d6033ca82d1195ed3a15fea5af15ba7b463c6a63b", size = 801427, upload-time = "2026-05-09T23:15:00.642Z" },
    { url = "https://files.pythonhosted.org/packages/e3/c4/1a80654597b6bc1e1ea0494824c31200e8a956abe290afae9b19a166a148/regex-2026.5.9-cp314-cp314t-musllinux_1_2_ppc64le.whl", hash = "sha256:31037c82eccb44b7ea2e9e221d7c01429430e989a1f4b91ea5a855f6017b509a", size = 866482, upload-time = "2026-05-09T23:15:03.384Z" },
    { url = "https://files.pythonhosted.org/packages/d1/11/960724e06482c08466ff5611e242e86f80062949cdf6b4b9cc317b9dd93d/regex-2026.5.9-cp314-cp314t-musllinux_1_2_riscv64.whl", hash = "sha256:5604dfd046dc37eca90250fc3be938b076c8059fa772ac0ed6f499b0f0fb0415", size = 773022, upload-time = "2026-05-09T23:15:05.625Z" },
    { url = "https://files.pythonhosted.org/packages/50/a8/a9979c3e7918280e93159ebcab5ef1a65116dd4f3bd6091be0eae4a126e8/regex-2026.5.9-cp314-cp314t-musllinux_1_2_s390x.whl", hash = "sha256:0e1b1b4e496afbb24f4a62aba855ee4f88f25578927697b340702e48c9ee6bc2", size = 856642, upload-time = "2026-05-09T23:15:07.966Z" },
    { url = "https://files.pythonhosted.org/packages/fe/d4/a9b732f2f0072c0ab12227483abb24fffcb9f73f8a2b203df0a6d0434735/regex-2026.5.9-cp314-cp314t-musllinux_1_2_x86_64.whl", hash = "sha256:be3372b9df6ddecff6486d37e19095a7b4973137caf5512407a89f4455361f41", size = 803552, upload-time = "2026-05-09T23:15:10.215Z" },
    { url = "https://files.pythonhosted.org/packages/d5/fe/1b3113817447a1d4155e4ac76d2e072f42c0bcba2f43fa8a0e756ea2cd91/regex-2026.5.9-cp314-cp314t-win32.whl", hash = "sha256:3ddd90103f9e5c471c49c7852ecc1fe27c7e45eb99e977aefe7caa4e779f4f58", size = 275746, upload-time = "2026-05-09T23:15:12.609Z" },
    { url = "https://files.pythonhosted.org/packages/92/73/93d42045302636c91f2e5ef588b65b84b01428f28ec77de256b1dfdfbe5c/regex-2026.5.9-cp314-cp314t-win_amd64.whl", hash = "sha256:ca518ed29c46eecba6010b15f1b9a479314d2de409536e71b6a13aa04e3b8a77", size = 285685, upload-time = "2026-05-09T23:15:15.086Z" },
    { url = "https://files.pythonhosted.org/packages/da/80/35b4c33c804a165a7f55289afda3ea9e3eb6d15800341a2d66455c0f1f30/regex-2026.5.9-cp314-cp314t-win_arm64.whl", hash = "sha256:5e41809d2683fcde7d5a8c87a6567ba1fb1ce0de9f31bff578de00a4b2d76daa", size = 275713, upload-time = "2026-05-09T23:15:16.98Z" },
]

[[package]]
name = "ruff"
version = "0.15.13"
source = { registry = "https://pypi.org/simple" }
sdist = { url = "https://files.pythonhosted.org/packages/24/21/a7d5c126d5b557715ef81098f3db2fe20f622a039ff2e626af28d674ab80/ruff-0.15.13.tar.gz", hash = "sha256:f9d89f17f7ba7fb2ed42921f0df75da797a9a5d71bc39049e2c687cf2baf44b7", size = 4678180, upload-time = "2026-05-14T13:44:37.869Z" }
wheels = [
    { url = "https://files.pythonhosted.org/packages/c6/61/11d458dc6ac22504fd8e237b29dfd40504c7fbbcc8930402cfe51a8e63ed/ruff-0.15.13-py3-none-linux_armv6l.whl", hash = "sha256:444b580fc72fd6887e650acd3e575e18cdc79dbcf42fb4030b491057921f61f8", size = 10738279, upload-time = "2026-05-14T13:44:18.7Z" },
    { url = "https://files.pythonhosted.org/packages/86/ca/caa871ee7be718c45256fada4e16a218ee3e33f0c4a46b729a60a24912e6/ruff-0.15.13-py3-none-macosx_10_12_x86_64.whl", hash = "sha256:6590d009e7cb7ebf36f83dbdd44a3fa48a0994ff6f1cdc1b08006abe58f98dc7", size = 11124798, upload-time = "2026-05-14T13:44:06.427Z" },
    { url = "https://files.pythonhosted.org/packages/d3/19/43f5f2e568dddde567fc41f8471f9432c09563e19d3e617a48cfa52f8f0a/ruff-0.15.13-py3-none-macosx_11_0_arm64.whl", hash = "sha256:1c26d2f66163deeb6e08d8b39fbbe983ce3c71cea06a6d7591cfd1421793c629", size = 10460761, upload-time = "2026-05-14T13:44:04.375Z" },
    { url = "https://files.pythonhosted.org/packages/99/df/cf938cd6de3003178f03ad7c1ea2a6c099468c03a35037985070b37e76be/ruff-0.15.13-py3-none-manylinux_2_17_aarch64.manylinux2014_aarch64.whl", hash = "sha256:9dbd6f94b434f896308e4d57fb7bfde0d02b99f7a64b3bdab0fdfa6a864203a5", size = 10804451, upload-time = "2026-05-14T13:44:25.221Z" },
    { url = "https://files.pythonhosted.org/packages/c7/7d/5d0973129b154ded2225729169d7068f26b467760b146493fde138415f23/ruff-0.15.13-py3-none-manylinux_2_17_armv7l.manylinux2014_armv7l.whl", hash = "sha256:bf3259f3be4d181bda591da5db2571aed6853c6a048157756448020bc6c5cd22", size = 10534285, upload-time = "2026-05-14T13:44:08.888Z" },
    { url = "https://files.pythonhosted.org/packages/1f/e3/6b999bbc66cd51e5f073842bc2a3995e99c5e0e72e16b15e7261f7abf57a/ruff-0.15.13-py3-none-manylinux_2_17_i686.manylinux2014_i686.whl", hash = "sha256:ae9c17e5eb4430c154e76abc25d79a318190f5a997f38fb6b114416c5319ffc9", size = 11312063, upload-time = "2026-05-14T13:44:11.274Z" },
    { url = "https://files.pythonhosted.org/packages/af/5a/642639e9f5db04f1e97fbd6e091c6fd20725bdf072fb114d00eefb9e6eb8/ruff-0.15.13-py3-none-manylinux_2_17_ppc64le.manylinux2014_ppc64le.whl", hash = "sha256:2e2e39bff6c341f4b577a21b801326fab0b11847f48fcaa83f00a113c9b3cb55", size = 12183079, upload-time = "2026-05-14T13:44:01.634Z" },
    { url = "https://files.pythonhosted.org/packages/19/4c/7585735f6b53b0f12de13618b2f7d250a844f018822efc899df2e7b8295f/ruff-0.15.13-py3-none-manylinux_2_17_s390x.manylinux2014_s390x.whl", hash = "sha256:e8d9a8e08013542e94d3220bc5b62cc3e5ef87c5f74bff367d3fac14fab013e6", size = 11440833, upload-time = "2026-05-14T13:43:59.043Z" },
    { url = "https://files.pythonhosted.org/packages/e8/31/bf1a0803d077e679cfeee5f2f67290a0fa79c7385b5d9a8c17b9db2c48f0/ruff-0.15.13-py3-none-manylinux_2_17_x86_64.manylinux2014_x86_64.whl", hash = "sha256:cc411dfebe5eebe55ce041c6ae080eb7668955e866daa2fbb16692a784f1c4ca", size = 11434486, upload-time = "2026-05-14T13:44:27.761Z" },
    { url = "https://files.pythonhosted.org/packages/e1/4e/62c9b999875d4f14db80f277c030578f5e249c9852d65b7ac7ad0b43c041/ruff-0.15.13-py3-none-manylinux_2_31_riscv64.whl", hash = "sha256:768494eb08b9cee54e2fd27969966f74db5a57f6eaa7a90fcb3306af34dfc4bd", size = 11385189, upload-time = "2026-05-14T13:44:13.704Z" },
    { url = "https://files.pythonhosted.org/packages/fc/89/7e959047a104df3eb12863447c110140191fc5b6c4f379ea2e803fcdb0e4/ruff-0.15.13-py3-none-musllinux_1_2_aarch64.whl", hash = "sha256:fb75f9a3a7e42ffe117d734494e6c5e5cb3565d66e12612cb63d0e572a41a5b6", size = 10781380, upload-time = "2026-05-14T13:43:56.734Z" },
    { url = "https://files.pythonhosted.org/packages/ff/52/5fd18f3b88cab63e88aa11516b3b4e1e5f720e5c330f8dbe5c26210f41f8/ruff-0.15.13-py3-none-musllinux_1_2_armv7l.whl", hash = "sha256:8cb74dd33bb2f6613faf7fc03b660053b5ac4f80e706d5788c6335e2a8048d51", size = 10540605, upload-time = "2026-05-14T13:44:20.748Z" },
    { url = "https://files.pythonhosted.org/packages/e8/e0/9e35f338990d3e41a82875ff7053ffe97541dae81c9d02143177f381d572/ruff-0.15.13-py3-none-musllinux_1_2_i686.whl", hash = "sha256:7ef823f817fcd191dc934e984be9cf4094f808effa16f2542ad8e821ba02bbf2", size = 11036554, upload-time = "2026-05-14T13:44:16.256Z" },
    { url = "https://files.pythonhosted.org/packages/c2/13/070fb048c24080fba188f66371e2a92785be257ad02242066dc7255ac6e9/ruff-0.15.13-py3-none-musllinux_1_2_x86_64.whl", hash = "sha256:f345a13937bd7f09f6f5d19fa0721b0c103e00e7f62bc67089a8e5e037719e0b", size = 11528133, upload-time = "2026-05-14T13:44:22.808Z" },
    { url = "https://files.pythonhosted.org/packages/6b/8c/b1e1666aef7fc6555094d73ae6cd981701781ae85b97ceefc0eebd0b4668/ruff-0.15.13-py3-none-win32.whl", hash = "sha256:4044f94208b3b05ba0fc4a4abd0558cf4d6459bd18325eead7fd8cc66f909b41", size = 10721455, upload-time = "2026-05-14T13:44:35.697Z" },
    { url = "https://files.pythonhosted.org/packages/ab/a6/870a3e8a50590bb92be184ad928c2922f088b00d9dc5c5ec7b924ee08c22/ruff-0.15.13-py3-none-win_amd64.whl", hash = "sha256:7064884d442b7d477b4e7473d12da7f08851d2b1982763c5d3f388a19468a1a4", size = 11900409, upload-time = "2026-05-14T13:44:30.389Z" },
    { url = "https://files.pythonhosted.org/packages/9b/36/9c015cd052fca743dae8cb2aeb16b551444787467db42ceab0fc968865af/ruff-0.15.13-py3-none-win_arm64.whl", hash = "sha256:2471da9bd1068c8c064b5fd9c0c4b6dddffd6369cb1cd68b29993b1709ff1b21", size = 11179336, upload-time = "2026-05-14T13:44:33.026Z" },
]

[[package]]
name = "six"
version = "1.17.0"
source = { registry = "https://pypi.org/simple" }
sdist = { url = "https://files.pythonhosted.org/packages/94/e7/b2c673351809dca68a0e064b6af791aa332cf192da575fd474ed7d6f16a2/six-1.17.0.tar.gz", hash = "sha256:ff70335d468e7eb6ec65b95b99d3a2836546063f63acc5171de367e834932a81", size = 34031, upload-time = "2024-12-04T17:35:28.174Z" }
wheels = [
    { url = "https://files.pythonhosted.org/packages/b7/ce/149a00dd41f10bc29e5921b496af8b574d8413afcd5e30dfa0ed46c2cc5e/six-1.17.0-py2.py3-none-any.whl", hash = "sha256:4721f391ed90541fddacab5acf947aa0d3dc7d27b2e1e8eda2be8970586c3274", size = 11050, upload-time = "2024-12-04T17:35:26.475Z" },
]

[[package]]
name = "smmap"
version = "5.0.3"
source = { registry = "https://pypi.org/simple" }
sdist = { url = "https://files.pythonhosted.org/packages/1f/ea/49c993d6dfdd7338c9b1000a0f36817ed7ec84577ae2e52f890d1a4ff909/smmap-5.0.3.tar.gz", hash = "sha256:4d9debb8b99007ae47165abc08670bd74cb74b5227dda7f643eccc4e9eb5642c", size = 22506, upload-time = "2026-03-09T03:43:26.1Z" }
wheels = [
    { url = "https://files.pythonhosted.org/packages/c1/d4/59e74daffcb57a07668852eeeb6035af9f32cbfd7a1d2511f17d2fe6a738/smmap-5.0.3-py3-none-any.whl", hash = "sha256:c106e05d5a61449cf6ba9a1e650227ecfb141590d2a98412103ff35d89fc7b2f", size = 24390, upload-time = "2026-03-09T03:43:24.361Z" },
]

[[package]]
name = "tqdm"
version = "4.67.3"
source = { registry = "https://pypi.org/simple" }
dependencies = [
    { name = "colorama", marker = "sys_platform == 'win32'" },
]
sdist = { url = "https://files.pythonhosted.org/packages/09/a9/6ba95a270c6f1fbcd8dac228323f2777d886cb206987444e4bce66338dd4/tqdm-4.67.3.tar.gz", hash = "sha256:7d825f03f89244ef73f1d4ce193cb1774a8179fd96f31d7e1dcde62092b960bb", size = 169598, upload-time = "2026-02-03T17:35:53.048Z" }
wheels = [
    { url = "https://files.pythonhosted.org/packages/16/e1/3079a9ff9b8e11b846c6ac5c8b5bfb7ff225eee721825310c91b3b50304f/tqdm-4.67.3-py3-none-any.whl", hash = "sha256:ee1e4c0e59148062281c49d80b25b67771a127c85fc9676d3be5f243206826bf", size = 78374, upload-time = "2026-02-03T17:35:50.982Z" },
]

[[package]]
name = "web-evanchen-cc"
version = "1.0.0"
source = { virtual = "." }
dependencies = [
    { name = "gitpython" },
    { name = "jinja2" },
    { name = "markdown-it-pyrs" },
    { name = "python-frontmatter" },
]

[package.dev-dependencies]
dev = [
    { name = "codespell" },
    { name = "djlint" },
    { name = "prek" },
    { name = "ruff" },
]

[package.metadata]
requires-dist = [
    { name = "gitpython", specifier = ">=3.1.50" },
    { name = "jinja2", specifier = ">=3.1.6" },
    { name = "markdown-it-pyrs", specifier = ">=0.4.0" },
    { name = "python-frontmatter", specifier = ">=1.1.0" },
]

[package.metadata.requires-dev]
dev = [
    { name = "codespell", specifier = ">=2.4.2" },
    { name = "djlint", specifier = ">=1.36.4" },
    { name = "prek", specifier = ">=0.3.11" },
    { name = "ruff", specifier = ">=0.15.12" },
]
